
Microsoft Visual Studio Solution File, Format Version 12.00
# Visual Studio 14
VisualStudioVersion = 14.0.24720.0
MinimumVisualStudioVersion = 10.0.40219.1
Project("{FAE04EC0-301F-11D3-BF4B-00C04F79EFBC}") = "OpenBrocode", "OpenBrocode\OpenBrocode.csproj", "{CAD1A645-1AF5-49A0-821F-CD35839848C9}"
EndProject
<<<<<<< HEAD
Project("{FAE04EC0-301F-11D3-BF4B-00C04F79EFBC}") = "com.OB.Facebook", "com.OB.Facebook\com.OB.Facebook.csproj", "{6955CC18-06DE-4EC3-8A90-177026B48C05}"
EndProject
Project("{FAE04EC0-301F-11D3-BF4B-00C04F79EFBC}") = "com.OB.Facebook.Test", "com.OB.Facebook.Test\com.OB.Facebook.Test.csproj", "{FCC2074B-2D07-4B88-971E-A960D50A5AEF}"
EndProject
Project("{FAE04EC0-301F-11D3-BF4B-00C04F79EFBC}") = "com.OB.Facebook.UnitTest", "com.OB.Facebook.UnitTest\com.OB.Facebook.UnitTest.csproj", "{ECF566C9-4B72-48BD-9465-7E948DC1ACAE}"
EndProject
Project("{FAE04EC0-301F-11D3-BF4B-00C04F79EFBC}") = "com.OB.Facebook.Interfaces", "com.OB.Facebook.Interfaces\com.OB.Facebook.Interfaces.csproj", "{AEA6AF90-82E0-4235-80B0-DC01D510039B}"
EndProject
Project("{FAE04EC0-301F-11D3-BF4B-00C04F79EFBC}") = "com.OB.Facebook.Version.2_7", "com.OB.Facebook.Version.2_7\com.OB.Facebook.Version.2_7.csproj", "{8E7510DD-8224-4FE4-A794-EB51C3677779}"
EndProject
Project("{FAE04EC0-301F-11D3-BF4B-00C04F79EFBC}") = "com.OB.Facebook.Functionality", "com.OB.Facebook.Functionality\com.OB.Facebook.Functionality.csproj", "{8DDBC278-94CC-47CF-9C0D-53DCC8B20B39}"
EndProject
Project("{FAE04EC0-301F-11D3-BF4B-00C04F79EFBC}") = "com.OB.Facebook.Http", "com.OB.Facebook.Http\com.OB.Facebook.Http.csproj", "{09D5EB36-B4BC-4B40-BEF8-3AFC5899E78C}"
EndProject
Project("{FAE04EC0-301F-11D3-BF4B-00C04F79EFBC}") = "com.OB.Facebook.Settings", "com.OB.Facebook.Settings\com.OB.Facebook.Settings.csproj", "{6B89A2B5-4BAC-4632-8018-AC9625696EB5}"
=======
Project("{FAE04EC0-301F-11D3-BF4B-00C04F79EFBC}") = "sendMail", "ClassLibrary1\sendMail.csproj", "{29930431-D558-47ED-ACC8-7BDC5AE00A20}"
EndProject
Project("{FAE04EC0-301F-11D3-BF4B-00C04F79EFBC}") = "mailTests", "mailTests\mailTests.csproj", "{B77384D6-C606-447F-BF01-8E3530EE7613}"
>>>>>>> feature-mail
EndProject
Global
	GlobalSection(SolutionConfigurationPlatforms) = preSolution
		Debug|Any CPU = Debug|Any CPU
		Debug|ARM = Debug|ARM
		Debug|Mixed Platforms = Debug|Mixed Platforms
		Debug|Win32 = Debug|Win32
		Debug|x64 = Debug|x64
		Debug|x86 = Debug|x86
		Debug-BETA|Any CPU = Debug-BETA|Any CPU
		Debug-BETA|ARM = Debug-BETA|ARM
		Debug-BETA|Mixed Platforms = Debug-BETA|Mixed Platforms
		Debug-BETA|Win32 = Debug-BETA|Win32
		Debug-BETA|x64 = Debug-BETA|x64
		Debug-BETA|x86 = Debug-BETA|x86
		Debug-BLUE|Any CPU = Debug-BLUE|Any CPU
		Debug-BLUE|ARM = Debug-BLUE|ARM
		Debug-BLUE|Mixed Platforms = Debug-BLUE|Mixed Platforms
		Debug-BLUE|Win32 = Debug-BLUE|Win32
		Debug-BLUE|x64 = Debug-BLUE|x64
		Debug-BLUE|x86 = Debug-BLUE|x86
		Debug-WP7|Any CPU = Debug-WP7|Any CPU
		Debug-WP7|ARM = Debug-WP7|ARM
		Debug-WP7|Mixed Platforms = Debug-WP7|Mixed Platforms
		Debug-WP7|Win32 = Debug-WP7|Win32
		Debug-WP7|x64 = Debug-WP7|x64
		Debug-WP7|x86 = Debug-WP7|x86
		Debug-WP7-BETA|Any CPU = Debug-WP7-BETA|Any CPU
		Debug-WP7-BETA|ARM = Debug-WP7-BETA|ARM
		Debug-WP7-BETA|Mixed Platforms = Debug-WP7-BETA|Mixed Platforms
		Debug-WP7-BETA|Win32 = Debug-WP7-BETA|Win32
		Debug-WP7-BETA|x64 = Debug-WP7-BETA|x64
		Debug-WP7-BETA|x86 = Debug-WP7-BETA|x86
		Release|Any CPU = Release|Any CPU
		Release|ARM = Release|ARM
		Release|Mixed Platforms = Release|Mixed Platforms
		Release|Win32 = Release|Win32
		Release|x64 = Release|x64
		Release|x86 = Release|x86
		Release-BETA|Any CPU = Release-BETA|Any CPU
		Release-BETA|ARM = Release-BETA|ARM
		Release-BETA|Mixed Platforms = Release-BETA|Mixed Platforms
		Release-BETA|Win32 = Release-BETA|Win32
		Release-BETA|x64 = Release-BETA|x64
		Release-BETA|x86 = Release-BETA|x86
		Release-BLUE|Any CPU = Release-BLUE|Any CPU
		Release-BLUE|ARM = Release-BLUE|ARM
		Release-BLUE|Mixed Platforms = Release-BLUE|Mixed Platforms
		Release-BLUE|Win32 = Release-BLUE|Win32
		Release-BLUE|x64 = Release-BLUE|x64
		Release-BLUE|x86 = Release-BLUE|x86
		Release-WP7|Any CPU = Release-WP7|Any CPU
		Release-WP7|ARM = Release-WP7|ARM
		Release-WP7|Mixed Platforms = Release-WP7|Mixed Platforms
		Release-WP7|Win32 = Release-WP7|Win32
		Release-WP7|x64 = Release-WP7|x64
		Release-WP7|x86 = Release-WP7|x86
		Release-WP7-BETA|Any CPU = Release-WP7-BETA|Any CPU
		Release-WP7-BETA|ARM = Release-WP7-BETA|ARM
		Release-WP7-BETA|Mixed Platforms = Release-WP7-BETA|Mixed Platforms
		Release-WP7-BETA|Win32 = Release-WP7-BETA|Win32
		Release-WP7-BETA|x64 = Release-WP7-BETA|x64
		Release-WP7-BETA|x86 = Release-WP7-BETA|x86
		UITest|Any CPU = UITest|Any CPU
		UITest|ARM = UITest|ARM
		UITest|Mixed Platforms = UITest|Mixed Platforms
		UITest|Win32 = UITest|Win32
		UITest|x64 = UITest|x64
		UITest|x86 = UITest|x86
	EndGlobalSection
	GlobalSection(ProjectConfigurationPlatforms) = postSolution
		{CAD1A645-1AF5-49A0-821F-CD35839848C9}.Debug|Any CPU.ActiveCfg = Debug|Any CPU
		{CAD1A645-1AF5-49A0-821F-CD35839848C9}.Debug|Any CPU.Build.0 = Debug|Any CPU
		{CAD1A645-1AF5-49A0-821F-CD35839848C9}.Debug|ARM.ActiveCfg = Debug|Any CPU
		{CAD1A645-1AF5-49A0-821F-CD35839848C9}.Debug|Mixed Platforms.ActiveCfg = Debug|Any CPU
		{CAD1A645-1AF5-49A0-821F-CD35839848C9}.Debug|Mixed Platforms.Build.0 = Debug|Any CPU
		{CAD1A645-1AF5-49A0-821F-CD35839848C9}.Debug|Win32.ActiveCfg = Debug|Any CPU
		{CAD1A645-1AF5-49A0-821F-CD35839848C9}.Debug|x64.ActiveCfg = Debug|Any CPU
		{CAD1A645-1AF5-49A0-821F-CD35839848C9}.Debug|x86.ActiveCfg = Debug|Any CPU
		{CAD1A645-1AF5-49A0-821F-CD35839848C9}.Debug-BETA|Any CPU.ActiveCfg = Debug|Any CPU
		{CAD1A645-1AF5-49A0-821F-CD35839848C9}.Debug-BETA|Any CPU.Build.0 = Debug|Any CPU
		{CAD1A645-1AF5-49A0-821F-CD35839848C9}.Debug-BETA|ARM.ActiveCfg = Debug|Any CPU
		{CAD1A645-1AF5-49A0-821F-CD35839848C9}.Debug-BETA|Mixed Platforms.ActiveCfg = Debug|Any CPU
		{CAD1A645-1AF5-49A0-821F-CD35839848C9}.Debug-BETA|Mixed Platforms.Build.0 = Debug|Any CPU
		{CAD1A645-1AF5-49A0-821F-CD35839848C9}.Debug-BETA|Win32.ActiveCfg = Debug|Any CPU
		{CAD1A645-1AF5-49A0-821F-CD35839848C9}.Debug-BETA|x64.ActiveCfg = Debug|Any CPU
		{CAD1A645-1AF5-49A0-821F-CD35839848C9}.Debug-BETA|x86.ActiveCfg = Debug|Any CPU
		{CAD1A645-1AF5-49A0-821F-CD35839848C9}.Debug-BLUE|Any CPU.ActiveCfg = Debug|Any CPU
		{CAD1A645-1AF5-49A0-821F-CD35839848C9}.Debug-BLUE|Any CPU.Build.0 = Debug|Any CPU
		{CAD1A645-1AF5-49A0-821F-CD35839848C9}.Debug-BLUE|ARM.ActiveCfg = Debug|Any CPU
		{CAD1A645-1AF5-49A0-821F-CD35839848C9}.Debug-BLUE|Mixed Platforms.ActiveCfg = Debug|Any CPU
		{CAD1A645-1AF5-49A0-821F-CD35839848C9}.Debug-BLUE|Mixed Platforms.Build.0 = Debug|Any CPU
		{CAD1A645-1AF5-49A0-821F-CD35839848C9}.Debug-BLUE|Win32.ActiveCfg = Debug|Any CPU
		{CAD1A645-1AF5-49A0-821F-CD35839848C9}.Debug-BLUE|x64.ActiveCfg = Debug|Any CPU
		{CAD1A645-1AF5-49A0-821F-CD35839848C9}.Debug-BLUE|x86.ActiveCfg = Debug|Any CPU
		{CAD1A645-1AF5-49A0-821F-CD35839848C9}.Debug-WP7|Any CPU.ActiveCfg = Debug|Any CPU
		{CAD1A645-1AF5-49A0-821F-CD35839848C9}.Debug-WP7|Any CPU.Build.0 = Debug|Any CPU
		{CAD1A645-1AF5-49A0-821F-CD35839848C9}.Debug-WP7|ARM.ActiveCfg = Debug|Any CPU
		{CAD1A645-1AF5-49A0-821F-CD35839848C9}.Debug-WP7|Mixed Platforms.ActiveCfg = Debug|Any CPU
		{CAD1A645-1AF5-49A0-821F-CD35839848C9}.Debug-WP7|Mixed Platforms.Build.0 = Debug|Any CPU
		{CAD1A645-1AF5-49A0-821F-CD35839848C9}.Debug-WP7|Win32.ActiveCfg = Debug|Any CPU
		{CAD1A645-1AF5-49A0-821F-CD35839848C9}.Debug-WP7|x64.ActiveCfg = Debug|Any CPU
		{CAD1A645-1AF5-49A0-821F-CD35839848C9}.Debug-WP7|x86.ActiveCfg = Debug|Any CPU
		{CAD1A645-1AF5-49A0-821F-CD35839848C9}.Debug-WP7-BETA|Any CPU.ActiveCfg = Debug|Any CPU
		{CAD1A645-1AF5-49A0-821F-CD35839848C9}.Debug-WP7-BETA|Any CPU.Build.0 = Debug|Any CPU
		{CAD1A645-1AF5-49A0-821F-CD35839848C9}.Debug-WP7-BETA|ARM.ActiveCfg = Debug|Any CPU
		{CAD1A645-1AF5-49A0-821F-CD35839848C9}.Debug-WP7-BETA|Mixed Platforms.ActiveCfg = Debug|Any CPU
		{CAD1A645-1AF5-49A0-821F-CD35839848C9}.Debug-WP7-BETA|Mixed Platforms.Build.0 = Debug|Any CPU
		{CAD1A645-1AF5-49A0-821F-CD35839848C9}.Debug-WP7-BETA|Win32.ActiveCfg = Debug|Any CPU
		{CAD1A645-1AF5-49A0-821F-CD35839848C9}.Debug-WP7-BETA|x64.ActiveCfg = Debug|Any CPU
		{CAD1A645-1AF5-49A0-821F-CD35839848C9}.Debug-WP7-BETA|x86.ActiveCfg = Debug|Any CPU
		{CAD1A645-1AF5-49A0-821F-CD35839848C9}.Release|Any CPU.ActiveCfg = Release|Any CPU
		{CAD1A645-1AF5-49A0-821F-CD35839848C9}.Release|Any CPU.Build.0 = Release|Any CPU
<<<<<<< HEAD
		{CAD1A645-1AF5-49A0-821F-CD35839848C9}.Release|ARM.ActiveCfg = Release|Any CPU
		{CAD1A645-1AF5-49A0-821F-CD35839848C9}.Release|Mixed Platforms.ActiveCfg = Release|Any CPU
		{CAD1A645-1AF5-49A0-821F-CD35839848C9}.Release|Mixed Platforms.Build.0 = Release|Any CPU
		{CAD1A645-1AF5-49A0-821F-CD35839848C9}.Release|Win32.ActiveCfg = Release|Any CPU
		{CAD1A645-1AF5-49A0-821F-CD35839848C9}.Release|x64.ActiveCfg = Release|Any CPU
		{CAD1A645-1AF5-49A0-821F-CD35839848C9}.Release|x86.ActiveCfg = Release|Any CPU
		{CAD1A645-1AF5-49A0-821F-CD35839848C9}.Release-BETA|Any CPU.ActiveCfg = Release|Any CPU
		{CAD1A645-1AF5-49A0-821F-CD35839848C9}.Release-BETA|Any CPU.Build.0 = Release|Any CPU
		{CAD1A645-1AF5-49A0-821F-CD35839848C9}.Release-BETA|ARM.ActiveCfg = Release|Any CPU
		{CAD1A645-1AF5-49A0-821F-CD35839848C9}.Release-BETA|Mixed Platforms.ActiveCfg = Release|Any CPU
		{CAD1A645-1AF5-49A0-821F-CD35839848C9}.Release-BETA|Mixed Platforms.Build.0 = Release|Any CPU
		{CAD1A645-1AF5-49A0-821F-CD35839848C9}.Release-BETA|Win32.ActiveCfg = Release|Any CPU
		{CAD1A645-1AF5-49A0-821F-CD35839848C9}.Release-BETA|x64.ActiveCfg = Release|Any CPU
		{CAD1A645-1AF5-49A0-821F-CD35839848C9}.Release-BETA|x86.ActiveCfg = Release|Any CPU
		{CAD1A645-1AF5-49A0-821F-CD35839848C9}.Release-BLUE|Any CPU.ActiveCfg = Release|Any CPU
		{CAD1A645-1AF5-49A0-821F-CD35839848C9}.Release-BLUE|Any CPU.Build.0 = Release|Any CPU
		{CAD1A645-1AF5-49A0-821F-CD35839848C9}.Release-BLUE|ARM.ActiveCfg = Release|Any CPU
		{CAD1A645-1AF5-49A0-821F-CD35839848C9}.Release-BLUE|Mixed Platforms.ActiveCfg = Release|Any CPU
		{CAD1A645-1AF5-49A0-821F-CD35839848C9}.Release-BLUE|Mixed Platforms.Build.0 = Release|Any CPU
		{CAD1A645-1AF5-49A0-821F-CD35839848C9}.Release-BLUE|Win32.ActiveCfg = Release|Any CPU
		{CAD1A645-1AF5-49A0-821F-CD35839848C9}.Release-BLUE|x64.ActiveCfg = Release|Any CPU
		{CAD1A645-1AF5-49A0-821F-CD35839848C9}.Release-BLUE|x86.ActiveCfg = Release|Any CPU
		{CAD1A645-1AF5-49A0-821F-CD35839848C9}.Release-WP7|Any CPU.ActiveCfg = Release|Any CPU
		{CAD1A645-1AF5-49A0-821F-CD35839848C9}.Release-WP7|Any CPU.Build.0 = Release|Any CPU
		{CAD1A645-1AF5-49A0-821F-CD35839848C9}.Release-WP7|ARM.ActiveCfg = Release|Any CPU
		{CAD1A645-1AF5-49A0-821F-CD35839848C9}.Release-WP7|Mixed Platforms.ActiveCfg = Release|Any CPU
		{CAD1A645-1AF5-49A0-821F-CD35839848C9}.Release-WP7|Mixed Platforms.Build.0 = Release|Any CPU
		{CAD1A645-1AF5-49A0-821F-CD35839848C9}.Release-WP7|Win32.ActiveCfg = Release|Any CPU
		{CAD1A645-1AF5-49A0-821F-CD35839848C9}.Release-WP7|x64.ActiveCfg = Release|Any CPU
		{CAD1A645-1AF5-49A0-821F-CD35839848C9}.Release-WP7|x86.ActiveCfg = Release|Any CPU
		{CAD1A645-1AF5-49A0-821F-CD35839848C9}.Release-WP7-BETA|Any CPU.ActiveCfg = Release|Any CPU
		{CAD1A645-1AF5-49A0-821F-CD35839848C9}.Release-WP7-BETA|Any CPU.Build.0 = Release|Any CPU
		{CAD1A645-1AF5-49A0-821F-CD35839848C9}.Release-WP7-BETA|ARM.ActiveCfg = Release|Any CPU
		{CAD1A645-1AF5-49A0-821F-CD35839848C9}.Release-WP7-BETA|Mixed Platforms.ActiveCfg = Release|Any CPU
		{CAD1A645-1AF5-49A0-821F-CD35839848C9}.Release-WP7-BETA|Mixed Platforms.Build.0 = Release|Any CPU
		{CAD1A645-1AF5-49A0-821F-CD35839848C9}.Release-WP7-BETA|Win32.ActiveCfg = Release|Any CPU
		{CAD1A645-1AF5-49A0-821F-CD35839848C9}.Release-WP7-BETA|x64.ActiveCfg = Release|Any CPU
		{CAD1A645-1AF5-49A0-821F-CD35839848C9}.Release-WP7-BETA|x86.ActiveCfg = Release|Any CPU
		{CAD1A645-1AF5-49A0-821F-CD35839848C9}.UITest|Any CPU.ActiveCfg = Release|Any CPU
		{CAD1A645-1AF5-49A0-821F-CD35839848C9}.UITest|Any CPU.Build.0 = Release|Any CPU
		{CAD1A645-1AF5-49A0-821F-CD35839848C9}.UITest|ARM.ActiveCfg = Release|Any CPU
		{CAD1A645-1AF5-49A0-821F-CD35839848C9}.UITest|Mixed Platforms.ActiveCfg = Release|Any CPU
		{CAD1A645-1AF5-49A0-821F-CD35839848C9}.UITest|Mixed Platforms.Build.0 = Release|Any CPU
		{CAD1A645-1AF5-49A0-821F-CD35839848C9}.UITest|Win32.ActiveCfg = Release|Any CPU
		{CAD1A645-1AF5-49A0-821F-CD35839848C9}.UITest|x64.ActiveCfg = Release|Any CPU
		{CAD1A645-1AF5-49A0-821F-CD35839848C9}.UITest|x86.ActiveCfg = Release|Any CPU
		{6955CC18-06DE-4EC3-8A90-177026B48C05}.Debug|Any CPU.ActiveCfg = Debug|Any CPU
		{6955CC18-06DE-4EC3-8A90-177026B48C05}.Debug|Any CPU.Build.0 = Debug|Any CPU
		{6955CC18-06DE-4EC3-8A90-177026B48C05}.Debug|ARM.ActiveCfg = Debug|Any CPU
		{6955CC18-06DE-4EC3-8A90-177026B48C05}.Debug|Mixed Platforms.ActiveCfg = Debug|Any CPU
		{6955CC18-06DE-4EC3-8A90-177026B48C05}.Debug|Mixed Platforms.Build.0 = Debug|Any CPU
		{6955CC18-06DE-4EC3-8A90-177026B48C05}.Debug|Win32.ActiveCfg = Debug|Any CPU
		{6955CC18-06DE-4EC3-8A90-177026B48C05}.Debug|x64.ActiveCfg = Debug|Any CPU
		{6955CC18-06DE-4EC3-8A90-177026B48C05}.Debug|x86.ActiveCfg = Debug|Any CPU
		{6955CC18-06DE-4EC3-8A90-177026B48C05}.Debug-BETA|Any CPU.ActiveCfg = Debug|Any CPU
		{6955CC18-06DE-4EC3-8A90-177026B48C05}.Debug-BETA|Any CPU.Build.0 = Debug|Any CPU
		{6955CC18-06DE-4EC3-8A90-177026B48C05}.Debug-BETA|ARM.ActiveCfg = Debug|Any CPU
		{6955CC18-06DE-4EC3-8A90-177026B48C05}.Debug-BETA|Mixed Platforms.ActiveCfg = Debug|Any CPU
		{6955CC18-06DE-4EC3-8A90-177026B48C05}.Debug-BETA|Mixed Platforms.Build.0 = Debug|Any CPU
		{6955CC18-06DE-4EC3-8A90-177026B48C05}.Debug-BETA|Win32.ActiveCfg = Debug|Any CPU
		{6955CC18-06DE-4EC3-8A90-177026B48C05}.Debug-BETA|x64.ActiveCfg = Debug|Any CPU
		{6955CC18-06DE-4EC3-8A90-177026B48C05}.Debug-BETA|x86.ActiveCfg = Debug|Any CPU
		{6955CC18-06DE-4EC3-8A90-177026B48C05}.Debug-BLUE|Any CPU.ActiveCfg = Debug|Any CPU
		{6955CC18-06DE-4EC3-8A90-177026B48C05}.Debug-BLUE|Any CPU.Build.0 = Debug|Any CPU
		{6955CC18-06DE-4EC3-8A90-177026B48C05}.Debug-BLUE|ARM.ActiveCfg = Debug|Any CPU
		{6955CC18-06DE-4EC3-8A90-177026B48C05}.Debug-BLUE|Mixed Platforms.ActiveCfg = Debug|Any CPU
		{6955CC18-06DE-4EC3-8A90-177026B48C05}.Debug-BLUE|Mixed Platforms.Build.0 = Debug|Any CPU
		{6955CC18-06DE-4EC3-8A90-177026B48C05}.Debug-BLUE|Win32.ActiveCfg = Debug|Any CPU
		{6955CC18-06DE-4EC3-8A90-177026B48C05}.Debug-BLUE|x64.ActiveCfg = Debug|Any CPU
		{6955CC18-06DE-4EC3-8A90-177026B48C05}.Debug-BLUE|x86.ActiveCfg = Debug|Any CPU
		{6955CC18-06DE-4EC3-8A90-177026B48C05}.Debug-WP7|Any CPU.ActiveCfg = Debug|Any CPU
		{6955CC18-06DE-4EC3-8A90-177026B48C05}.Debug-WP7|Any CPU.Build.0 = Debug|Any CPU
		{6955CC18-06DE-4EC3-8A90-177026B48C05}.Debug-WP7|ARM.ActiveCfg = Debug|Any CPU
		{6955CC18-06DE-4EC3-8A90-177026B48C05}.Debug-WP7|Mixed Platforms.ActiveCfg = Debug|Any CPU
		{6955CC18-06DE-4EC3-8A90-177026B48C05}.Debug-WP7|Mixed Platforms.Build.0 = Debug|Any CPU
		{6955CC18-06DE-4EC3-8A90-177026B48C05}.Debug-WP7|Win32.ActiveCfg = Debug|Any CPU
		{6955CC18-06DE-4EC3-8A90-177026B48C05}.Debug-WP7|x64.ActiveCfg = Debug|Any CPU
		{6955CC18-06DE-4EC3-8A90-177026B48C05}.Debug-WP7|x86.ActiveCfg = Debug|Any CPU
		{6955CC18-06DE-4EC3-8A90-177026B48C05}.Debug-WP7-BETA|Any CPU.ActiveCfg = Debug|Any CPU
		{6955CC18-06DE-4EC3-8A90-177026B48C05}.Debug-WP7-BETA|Any CPU.Build.0 = Debug|Any CPU
		{6955CC18-06DE-4EC3-8A90-177026B48C05}.Debug-WP7-BETA|ARM.ActiveCfg = Debug|Any CPU
		{6955CC18-06DE-4EC3-8A90-177026B48C05}.Debug-WP7-BETA|Mixed Platforms.ActiveCfg = Debug|Any CPU
		{6955CC18-06DE-4EC3-8A90-177026B48C05}.Debug-WP7-BETA|Mixed Platforms.Build.0 = Debug|Any CPU
		{6955CC18-06DE-4EC3-8A90-177026B48C05}.Debug-WP7-BETA|Win32.ActiveCfg = Debug|Any CPU
		{6955CC18-06DE-4EC3-8A90-177026B48C05}.Debug-WP7-BETA|x64.ActiveCfg = Debug|Any CPU
		{6955CC18-06DE-4EC3-8A90-177026B48C05}.Debug-WP7-BETA|x86.ActiveCfg = Debug|Any CPU
		{6955CC18-06DE-4EC3-8A90-177026B48C05}.Release|Any CPU.ActiveCfg = Release|Any CPU
		{6955CC18-06DE-4EC3-8A90-177026B48C05}.Release|Any CPU.Build.0 = Release|Any CPU
		{6955CC18-06DE-4EC3-8A90-177026B48C05}.Release|ARM.ActiveCfg = Release|Any CPU
		{6955CC18-06DE-4EC3-8A90-177026B48C05}.Release|Mixed Platforms.ActiveCfg = Release|Any CPU
		{6955CC18-06DE-4EC3-8A90-177026B48C05}.Release|Mixed Platforms.Build.0 = Release|Any CPU
		{6955CC18-06DE-4EC3-8A90-177026B48C05}.Release|Win32.ActiveCfg = Release|Any CPU
		{6955CC18-06DE-4EC3-8A90-177026B48C05}.Release|x64.ActiveCfg = Release|Any CPU
		{6955CC18-06DE-4EC3-8A90-177026B48C05}.Release|x86.ActiveCfg = Release|Any CPU
		{6955CC18-06DE-4EC3-8A90-177026B48C05}.Release-BETA|Any CPU.ActiveCfg = Release|Any CPU
		{6955CC18-06DE-4EC3-8A90-177026B48C05}.Release-BETA|Any CPU.Build.0 = Release|Any CPU
		{6955CC18-06DE-4EC3-8A90-177026B48C05}.Release-BETA|ARM.ActiveCfg = Release|Any CPU
		{6955CC18-06DE-4EC3-8A90-177026B48C05}.Release-BETA|Mixed Platforms.ActiveCfg = Release|Any CPU
		{6955CC18-06DE-4EC3-8A90-177026B48C05}.Release-BETA|Mixed Platforms.Build.0 = Release|Any CPU
		{6955CC18-06DE-4EC3-8A90-177026B48C05}.Release-BETA|Win32.ActiveCfg = Release|Any CPU
		{6955CC18-06DE-4EC3-8A90-177026B48C05}.Release-BETA|x64.ActiveCfg = Release|Any CPU
		{6955CC18-06DE-4EC3-8A90-177026B48C05}.Release-BETA|x86.ActiveCfg = Release|Any CPU
		{6955CC18-06DE-4EC3-8A90-177026B48C05}.Release-BLUE|Any CPU.ActiveCfg = Release|Any CPU
		{6955CC18-06DE-4EC3-8A90-177026B48C05}.Release-BLUE|Any CPU.Build.0 = Release|Any CPU
		{6955CC18-06DE-4EC3-8A90-177026B48C05}.Release-BLUE|ARM.ActiveCfg = Release|Any CPU
		{6955CC18-06DE-4EC3-8A90-177026B48C05}.Release-BLUE|Mixed Platforms.ActiveCfg = Release|Any CPU
		{6955CC18-06DE-4EC3-8A90-177026B48C05}.Release-BLUE|Mixed Platforms.Build.0 = Release|Any CPU
		{6955CC18-06DE-4EC3-8A90-177026B48C05}.Release-BLUE|Win32.ActiveCfg = Release|Any CPU
		{6955CC18-06DE-4EC3-8A90-177026B48C05}.Release-BLUE|x64.ActiveCfg = Release|Any CPU
		{6955CC18-06DE-4EC3-8A90-177026B48C05}.Release-BLUE|x86.ActiveCfg = Release|Any CPU
		{6955CC18-06DE-4EC3-8A90-177026B48C05}.Release-WP7|Any CPU.ActiveCfg = Release|Any CPU
		{6955CC18-06DE-4EC3-8A90-177026B48C05}.Release-WP7|Any CPU.Build.0 = Release|Any CPU
		{6955CC18-06DE-4EC3-8A90-177026B48C05}.Release-WP7|ARM.ActiveCfg = Release|Any CPU
		{6955CC18-06DE-4EC3-8A90-177026B48C05}.Release-WP7|Mixed Platforms.ActiveCfg = Release|Any CPU
		{6955CC18-06DE-4EC3-8A90-177026B48C05}.Release-WP7|Mixed Platforms.Build.0 = Release|Any CPU
		{6955CC18-06DE-4EC3-8A90-177026B48C05}.Release-WP7|Win32.ActiveCfg = Release|Any CPU
		{6955CC18-06DE-4EC3-8A90-177026B48C05}.Release-WP7|x64.ActiveCfg = Release|Any CPU
		{6955CC18-06DE-4EC3-8A90-177026B48C05}.Release-WP7|x86.ActiveCfg = Release|Any CPU
		{6955CC18-06DE-4EC3-8A90-177026B48C05}.Release-WP7-BETA|Any CPU.ActiveCfg = Release|Any CPU
		{6955CC18-06DE-4EC3-8A90-177026B48C05}.Release-WP7-BETA|Any CPU.Build.0 = Release|Any CPU
		{6955CC18-06DE-4EC3-8A90-177026B48C05}.Release-WP7-BETA|ARM.ActiveCfg = Release|Any CPU
		{6955CC18-06DE-4EC3-8A90-177026B48C05}.Release-WP7-BETA|Mixed Platforms.ActiveCfg = Release|Any CPU
		{6955CC18-06DE-4EC3-8A90-177026B48C05}.Release-WP7-BETA|Mixed Platforms.Build.0 = Release|Any CPU
		{6955CC18-06DE-4EC3-8A90-177026B48C05}.Release-WP7-BETA|Win32.ActiveCfg = Release|Any CPU
		{6955CC18-06DE-4EC3-8A90-177026B48C05}.Release-WP7-BETA|x64.ActiveCfg = Release|Any CPU
		{6955CC18-06DE-4EC3-8A90-177026B48C05}.Release-WP7-BETA|x86.ActiveCfg = Release|Any CPU
		{6955CC18-06DE-4EC3-8A90-177026B48C05}.UITest|Any CPU.ActiveCfg = Release|Any CPU
		{6955CC18-06DE-4EC3-8A90-177026B48C05}.UITest|Any CPU.Build.0 = Release|Any CPU
		{6955CC18-06DE-4EC3-8A90-177026B48C05}.UITest|ARM.ActiveCfg = Release|Any CPU
		{6955CC18-06DE-4EC3-8A90-177026B48C05}.UITest|Mixed Platforms.ActiveCfg = Release|Any CPU
		{6955CC18-06DE-4EC3-8A90-177026B48C05}.UITest|Mixed Platforms.Build.0 = Release|Any CPU
		{6955CC18-06DE-4EC3-8A90-177026B48C05}.UITest|Win32.ActiveCfg = Release|Any CPU
		{6955CC18-06DE-4EC3-8A90-177026B48C05}.UITest|x64.ActiveCfg = Release|Any CPU
		{6955CC18-06DE-4EC3-8A90-177026B48C05}.UITest|x86.ActiveCfg = Release|Any CPU
		{FCC2074B-2D07-4B88-971E-A960D50A5AEF}.Debug|Any CPU.ActiveCfg = Debug|Any CPU
		{FCC2074B-2D07-4B88-971E-A960D50A5AEF}.Debug|Any CPU.Build.0 = Debug|Any CPU
		{FCC2074B-2D07-4B88-971E-A960D50A5AEF}.Debug|ARM.ActiveCfg = Debug|Any CPU
		{FCC2074B-2D07-4B88-971E-A960D50A5AEF}.Debug|Mixed Platforms.ActiveCfg = Debug|Any CPU
		{FCC2074B-2D07-4B88-971E-A960D50A5AEF}.Debug|Mixed Platforms.Build.0 = Debug|Any CPU
		{FCC2074B-2D07-4B88-971E-A960D50A5AEF}.Debug|Win32.ActiveCfg = Debug|Any CPU
		{FCC2074B-2D07-4B88-971E-A960D50A5AEF}.Debug|x64.ActiveCfg = Debug|Any CPU
		{FCC2074B-2D07-4B88-971E-A960D50A5AEF}.Debug|x86.ActiveCfg = Debug|Any CPU
		{FCC2074B-2D07-4B88-971E-A960D50A5AEF}.Debug-BETA|Any CPU.ActiveCfg = Debug|Any CPU
		{FCC2074B-2D07-4B88-971E-A960D50A5AEF}.Debug-BETA|Any CPU.Build.0 = Debug|Any CPU
		{FCC2074B-2D07-4B88-971E-A960D50A5AEF}.Debug-BETA|ARM.ActiveCfg = Debug|Any CPU
		{FCC2074B-2D07-4B88-971E-A960D50A5AEF}.Debug-BETA|Mixed Platforms.ActiveCfg = Debug|Any CPU
		{FCC2074B-2D07-4B88-971E-A960D50A5AEF}.Debug-BETA|Mixed Platforms.Build.0 = Debug|Any CPU
		{FCC2074B-2D07-4B88-971E-A960D50A5AEF}.Debug-BETA|Win32.ActiveCfg = Debug|Any CPU
		{FCC2074B-2D07-4B88-971E-A960D50A5AEF}.Debug-BETA|x64.ActiveCfg = Debug|Any CPU
		{FCC2074B-2D07-4B88-971E-A960D50A5AEF}.Debug-BETA|x86.ActiveCfg = Debug|Any CPU
		{FCC2074B-2D07-4B88-971E-A960D50A5AEF}.Debug-BLUE|Any CPU.ActiveCfg = Debug|Any CPU
		{FCC2074B-2D07-4B88-971E-A960D50A5AEF}.Debug-BLUE|Any CPU.Build.0 = Debug|Any CPU
		{FCC2074B-2D07-4B88-971E-A960D50A5AEF}.Debug-BLUE|ARM.ActiveCfg = Debug|Any CPU
		{FCC2074B-2D07-4B88-971E-A960D50A5AEF}.Debug-BLUE|Mixed Platforms.ActiveCfg = Debug|Any CPU
		{FCC2074B-2D07-4B88-971E-A960D50A5AEF}.Debug-BLUE|Mixed Platforms.Build.0 = Debug|Any CPU
		{FCC2074B-2D07-4B88-971E-A960D50A5AEF}.Debug-BLUE|Win32.ActiveCfg = Debug|Any CPU
		{FCC2074B-2D07-4B88-971E-A960D50A5AEF}.Debug-BLUE|x64.ActiveCfg = Debug|Any CPU
		{FCC2074B-2D07-4B88-971E-A960D50A5AEF}.Debug-BLUE|x86.ActiveCfg = Debug|Any CPU
		{FCC2074B-2D07-4B88-971E-A960D50A5AEF}.Debug-WP7|Any CPU.ActiveCfg = Debug|Any CPU
		{FCC2074B-2D07-4B88-971E-A960D50A5AEF}.Debug-WP7|Any CPU.Build.0 = Debug|Any CPU
		{FCC2074B-2D07-4B88-971E-A960D50A5AEF}.Debug-WP7|ARM.ActiveCfg = Debug|Any CPU
		{FCC2074B-2D07-4B88-971E-A960D50A5AEF}.Debug-WP7|Mixed Platforms.ActiveCfg = Debug|Any CPU
		{FCC2074B-2D07-4B88-971E-A960D50A5AEF}.Debug-WP7|Mixed Platforms.Build.0 = Debug|Any CPU
		{FCC2074B-2D07-4B88-971E-A960D50A5AEF}.Debug-WP7|Win32.ActiveCfg = Debug|Any CPU
		{FCC2074B-2D07-4B88-971E-A960D50A5AEF}.Debug-WP7|x64.ActiveCfg = Debug|Any CPU
		{FCC2074B-2D07-4B88-971E-A960D50A5AEF}.Debug-WP7|x86.ActiveCfg = Debug|Any CPU
		{FCC2074B-2D07-4B88-971E-A960D50A5AEF}.Debug-WP7-BETA|Any CPU.ActiveCfg = Debug|Any CPU
		{FCC2074B-2D07-4B88-971E-A960D50A5AEF}.Debug-WP7-BETA|Any CPU.Build.0 = Debug|Any CPU
		{FCC2074B-2D07-4B88-971E-A960D50A5AEF}.Debug-WP7-BETA|ARM.ActiveCfg = Debug|Any CPU
		{FCC2074B-2D07-4B88-971E-A960D50A5AEF}.Debug-WP7-BETA|Mixed Platforms.ActiveCfg = Debug|Any CPU
		{FCC2074B-2D07-4B88-971E-A960D50A5AEF}.Debug-WP7-BETA|Mixed Platforms.Build.0 = Debug|Any CPU
		{FCC2074B-2D07-4B88-971E-A960D50A5AEF}.Debug-WP7-BETA|Win32.ActiveCfg = Debug|Any CPU
		{FCC2074B-2D07-4B88-971E-A960D50A5AEF}.Debug-WP7-BETA|x64.ActiveCfg = Debug|Any CPU
		{FCC2074B-2D07-4B88-971E-A960D50A5AEF}.Debug-WP7-BETA|x86.ActiveCfg = Debug|Any CPU
		{FCC2074B-2D07-4B88-971E-A960D50A5AEF}.Release|Any CPU.ActiveCfg = Release|Any CPU
		{FCC2074B-2D07-4B88-971E-A960D50A5AEF}.Release|Any CPU.Build.0 = Release|Any CPU
		{FCC2074B-2D07-4B88-971E-A960D50A5AEF}.Release|ARM.ActiveCfg = Release|Any CPU
		{FCC2074B-2D07-4B88-971E-A960D50A5AEF}.Release|Mixed Platforms.ActiveCfg = Release|Any CPU
		{FCC2074B-2D07-4B88-971E-A960D50A5AEF}.Release|Mixed Platforms.Build.0 = Release|Any CPU
		{FCC2074B-2D07-4B88-971E-A960D50A5AEF}.Release|Win32.ActiveCfg = Release|Any CPU
		{FCC2074B-2D07-4B88-971E-A960D50A5AEF}.Release|x64.ActiveCfg = Release|Any CPU
		{FCC2074B-2D07-4B88-971E-A960D50A5AEF}.Release|x86.ActiveCfg = Release|Any CPU
		{FCC2074B-2D07-4B88-971E-A960D50A5AEF}.Release-BETA|Any CPU.ActiveCfg = Release|Any CPU
		{FCC2074B-2D07-4B88-971E-A960D50A5AEF}.Release-BETA|Any CPU.Build.0 = Release|Any CPU
		{FCC2074B-2D07-4B88-971E-A960D50A5AEF}.Release-BETA|ARM.ActiveCfg = Release|Any CPU
		{FCC2074B-2D07-4B88-971E-A960D50A5AEF}.Release-BETA|Mixed Platforms.ActiveCfg = Release|Any CPU
		{FCC2074B-2D07-4B88-971E-A960D50A5AEF}.Release-BETA|Mixed Platforms.Build.0 = Release|Any CPU
		{FCC2074B-2D07-4B88-971E-A960D50A5AEF}.Release-BETA|Win32.ActiveCfg = Release|Any CPU
		{FCC2074B-2D07-4B88-971E-A960D50A5AEF}.Release-BETA|x64.ActiveCfg = Release|Any CPU
		{FCC2074B-2D07-4B88-971E-A960D50A5AEF}.Release-BETA|x86.ActiveCfg = Release|Any CPU
		{FCC2074B-2D07-4B88-971E-A960D50A5AEF}.Release-BLUE|Any CPU.ActiveCfg = Release|Any CPU
		{FCC2074B-2D07-4B88-971E-A960D50A5AEF}.Release-BLUE|Any CPU.Build.0 = Release|Any CPU
		{FCC2074B-2D07-4B88-971E-A960D50A5AEF}.Release-BLUE|ARM.ActiveCfg = Release|Any CPU
		{FCC2074B-2D07-4B88-971E-A960D50A5AEF}.Release-BLUE|Mixed Platforms.ActiveCfg = Release|Any CPU
		{FCC2074B-2D07-4B88-971E-A960D50A5AEF}.Release-BLUE|Mixed Platforms.Build.0 = Release|Any CPU
		{FCC2074B-2D07-4B88-971E-A960D50A5AEF}.Release-BLUE|Win32.ActiveCfg = Release|Any CPU
		{FCC2074B-2D07-4B88-971E-A960D50A5AEF}.Release-BLUE|x64.ActiveCfg = Release|Any CPU
		{FCC2074B-2D07-4B88-971E-A960D50A5AEF}.Release-BLUE|x86.ActiveCfg = Release|Any CPU
		{FCC2074B-2D07-4B88-971E-A960D50A5AEF}.Release-WP7|Any CPU.ActiveCfg = Release|Any CPU
		{FCC2074B-2D07-4B88-971E-A960D50A5AEF}.Release-WP7|Any CPU.Build.0 = Release|Any CPU
		{FCC2074B-2D07-4B88-971E-A960D50A5AEF}.Release-WP7|ARM.ActiveCfg = Release|Any CPU
		{FCC2074B-2D07-4B88-971E-A960D50A5AEF}.Release-WP7|Mixed Platforms.ActiveCfg = Release|Any CPU
		{FCC2074B-2D07-4B88-971E-A960D50A5AEF}.Release-WP7|Mixed Platforms.Build.0 = Release|Any CPU
		{FCC2074B-2D07-4B88-971E-A960D50A5AEF}.Release-WP7|Win32.ActiveCfg = Release|Any CPU
		{FCC2074B-2D07-4B88-971E-A960D50A5AEF}.Release-WP7|x64.ActiveCfg = Release|Any CPU
		{FCC2074B-2D07-4B88-971E-A960D50A5AEF}.Release-WP7|x86.ActiveCfg = Release|Any CPU
		{FCC2074B-2D07-4B88-971E-A960D50A5AEF}.Release-WP7-BETA|Any CPU.ActiveCfg = Release|Any CPU
		{FCC2074B-2D07-4B88-971E-A960D50A5AEF}.Release-WP7-BETA|Any CPU.Build.0 = Release|Any CPU
		{FCC2074B-2D07-4B88-971E-A960D50A5AEF}.Release-WP7-BETA|ARM.ActiveCfg = Release|Any CPU
		{FCC2074B-2D07-4B88-971E-A960D50A5AEF}.Release-WP7-BETA|Mixed Platforms.ActiveCfg = Release|Any CPU
		{FCC2074B-2D07-4B88-971E-A960D50A5AEF}.Release-WP7-BETA|Mixed Platforms.Build.0 = Release|Any CPU
		{FCC2074B-2D07-4B88-971E-A960D50A5AEF}.Release-WP7-BETA|Win32.ActiveCfg = Release|Any CPU
		{FCC2074B-2D07-4B88-971E-A960D50A5AEF}.Release-WP7-BETA|x64.ActiveCfg = Release|Any CPU
		{FCC2074B-2D07-4B88-971E-A960D50A5AEF}.Release-WP7-BETA|x86.ActiveCfg = Release|Any CPU
		{FCC2074B-2D07-4B88-971E-A960D50A5AEF}.UITest|Any CPU.ActiveCfg = Release|Any CPU
		{FCC2074B-2D07-4B88-971E-A960D50A5AEF}.UITest|Any CPU.Build.0 = Release|Any CPU
		{FCC2074B-2D07-4B88-971E-A960D50A5AEF}.UITest|ARM.ActiveCfg = Release|Any CPU
		{FCC2074B-2D07-4B88-971E-A960D50A5AEF}.UITest|Mixed Platforms.ActiveCfg = Release|Any CPU
		{FCC2074B-2D07-4B88-971E-A960D50A5AEF}.UITest|Mixed Platforms.Build.0 = Release|Any CPU
		{FCC2074B-2D07-4B88-971E-A960D50A5AEF}.UITest|Win32.ActiveCfg = Release|Any CPU
		{FCC2074B-2D07-4B88-971E-A960D50A5AEF}.UITest|x64.ActiveCfg = Release|Any CPU
		{FCC2074B-2D07-4B88-971E-A960D50A5AEF}.UITest|x86.ActiveCfg = Release|Any CPU
		{ECF566C9-4B72-48BD-9465-7E948DC1ACAE}.Debug|Any CPU.ActiveCfg = Debug|Any CPU
		{ECF566C9-4B72-48BD-9465-7E948DC1ACAE}.Debug|Any CPU.Build.0 = Debug|Any CPU
		{ECF566C9-4B72-48BD-9465-7E948DC1ACAE}.Debug|ARM.ActiveCfg = Debug|Any CPU
		{ECF566C9-4B72-48BD-9465-7E948DC1ACAE}.Debug|Mixed Platforms.ActiveCfg = Debug|Any CPU
		{ECF566C9-4B72-48BD-9465-7E948DC1ACAE}.Debug|Mixed Platforms.Build.0 = Debug|Any CPU
		{ECF566C9-4B72-48BD-9465-7E948DC1ACAE}.Debug|Win32.ActiveCfg = Debug|Any CPU
		{ECF566C9-4B72-48BD-9465-7E948DC1ACAE}.Debug|x64.ActiveCfg = Debug|Any CPU
		{ECF566C9-4B72-48BD-9465-7E948DC1ACAE}.Debug|x86.ActiveCfg = Debug|Any CPU
		{ECF566C9-4B72-48BD-9465-7E948DC1ACAE}.Debug-BETA|Any CPU.ActiveCfg = Debug|Any CPU
		{ECF566C9-4B72-48BD-9465-7E948DC1ACAE}.Debug-BETA|Any CPU.Build.0 = Debug|Any CPU
		{ECF566C9-4B72-48BD-9465-7E948DC1ACAE}.Debug-BETA|ARM.ActiveCfg = Debug|Any CPU
		{ECF566C9-4B72-48BD-9465-7E948DC1ACAE}.Debug-BETA|Mixed Platforms.ActiveCfg = Debug|Any CPU
		{ECF566C9-4B72-48BD-9465-7E948DC1ACAE}.Debug-BETA|Mixed Platforms.Build.0 = Debug|Any CPU
		{ECF566C9-4B72-48BD-9465-7E948DC1ACAE}.Debug-BETA|Win32.ActiveCfg = Debug|Any CPU
		{ECF566C9-4B72-48BD-9465-7E948DC1ACAE}.Debug-BETA|x64.ActiveCfg = Debug|Any CPU
		{ECF566C9-4B72-48BD-9465-7E948DC1ACAE}.Debug-BETA|x86.ActiveCfg = Debug|Any CPU
		{ECF566C9-4B72-48BD-9465-7E948DC1ACAE}.Debug-BLUE|Any CPU.ActiveCfg = Debug|Any CPU
		{ECF566C9-4B72-48BD-9465-7E948DC1ACAE}.Debug-BLUE|Any CPU.Build.0 = Debug|Any CPU
		{ECF566C9-4B72-48BD-9465-7E948DC1ACAE}.Debug-BLUE|ARM.ActiveCfg = Debug|Any CPU
		{ECF566C9-4B72-48BD-9465-7E948DC1ACAE}.Debug-BLUE|Mixed Platforms.ActiveCfg = Debug|Any CPU
		{ECF566C9-4B72-48BD-9465-7E948DC1ACAE}.Debug-BLUE|Mixed Platforms.Build.0 = Debug|Any CPU
		{ECF566C9-4B72-48BD-9465-7E948DC1ACAE}.Debug-BLUE|Win32.ActiveCfg = Debug|Any CPU
		{ECF566C9-4B72-48BD-9465-7E948DC1ACAE}.Debug-BLUE|x64.ActiveCfg = Debug|Any CPU
		{ECF566C9-4B72-48BD-9465-7E948DC1ACAE}.Debug-BLUE|x86.ActiveCfg = Debug|Any CPU
		{ECF566C9-4B72-48BD-9465-7E948DC1ACAE}.Debug-WP7|Any CPU.ActiveCfg = Debug|Any CPU
		{ECF566C9-4B72-48BD-9465-7E948DC1ACAE}.Debug-WP7|Any CPU.Build.0 = Debug|Any CPU
		{ECF566C9-4B72-48BD-9465-7E948DC1ACAE}.Debug-WP7|ARM.ActiveCfg = Debug|Any CPU
		{ECF566C9-4B72-48BD-9465-7E948DC1ACAE}.Debug-WP7|Mixed Platforms.ActiveCfg = Debug|Any CPU
		{ECF566C9-4B72-48BD-9465-7E948DC1ACAE}.Debug-WP7|Mixed Platforms.Build.0 = Debug|Any CPU
		{ECF566C9-4B72-48BD-9465-7E948DC1ACAE}.Debug-WP7|Win32.ActiveCfg = Debug|Any CPU
		{ECF566C9-4B72-48BD-9465-7E948DC1ACAE}.Debug-WP7|x64.ActiveCfg = Debug|Any CPU
		{ECF566C9-4B72-48BD-9465-7E948DC1ACAE}.Debug-WP7|x86.ActiveCfg = Debug|Any CPU
		{ECF566C9-4B72-48BD-9465-7E948DC1ACAE}.Debug-WP7-BETA|Any CPU.ActiveCfg = Debug|Any CPU
		{ECF566C9-4B72-48BD-9465-7E948DC1ACAE}.Debug-WP7-BETA|Any CPU.Build.0 = Debug|Any CPU
		{ECF566C9-4B72-48BD-9465-7E948DC1ACAE}.Debug-WP7-BETA|ARM.ActiveCfg = Debug|Any CPU
		{ECF566C9-4B72-48BD-9465-7E948DC1ACAE}.Debug-WP7-BETA|Mixed Platforms.ActiveCfg = Debug|Any CPU
		{ECF566C9-4B72-48BD-9465-7E948DC1ACAE}.Debug-WP7-BETA|Mixed Platforms.Build.0 = Debug|Any CPU
		{ECF566C9-4B72-48BD-9465-7E948DC1ACAE}.Debug-WP7-BETA|Win32.ActiveCfg = Debug|Any CPU
		{ECF566C9-4B72-48BD-9465-7E948DC1ACAE}.Debug-WP7-BETA|x64.ActiveCfg = Debug|Any CPU
		{ECF566C9-4B72-48BD-9465-7E948DC1ACAE}.Debug-WP7-BETA|x86.ActiveCfg = Debug|Any CPU
		{ECF566C9-4B72-48BD-9465-7E948DC1ACAE}.Release|Any CPU.ActiveCfg = Release|Any CPU
		{ECF566C9-4B72-48BD-9465-7E948DC1ACAE}.Release|Any CPU.Build.0 = Release|Any CPU
		{ECF566C9-4B72-48BD-9465-7E948DC1ACAE}.Release|ARM.ActiveCfg = Release|Any CPU
		{ECF566C9-4B72-48BD-9465-7E948DC1ACAE}.Release|Mixed Platforms.ActiveCfg = Release|Any CPU
		{ECF566C9-4B72-48BD-9465-7E948DC1ACAE}.Release|Mixed Platforms.Build.0 = Release|Any CPU
		{ECF566C9-4B72-48BD-9465-7E948DC1ACAE}.Release|Win32.ActiveCfg = Release|Any CPU
		{ECF566C9-4B72-48BD-9465-7E948DC1ACAE}.Release|x64.ActiveCfg = Release|Any CPU
		{ECF566C9-4B72-48BD-9465-7E948DC1ACAE}.Release|x86.ActiveCfg = Release|Any CPU
		{ECF566C9-4B72-48BD-9465-7E948DC1ACAE}.Release-BETA|Any CPU.ActiveCfg = Release|Any CPU
		{ECF566C9-4B72-48BD-9465-7E948DC1ACAE}.Release-BETA|Any CPU.Build.0 = Release|Any CPU
		{ECF566C9-4B72-48BD-9465-7E948DC1ACAE}.Release-BETA|ARM.ActiveCfg = Release|Any CPU
		{ECF566C9-4B72-48BD-9465-7E948DC1ACAE}.Release-BETA|Mixed Platforms.ActiveCfg = Release|Any CPU
		{ECF566C9-4B72-48BD-9465-7E948DC1ACAE}.Release-BETA|Mixed Platforms.Build.0 = Release|Any CPU
		{ECF566C9-4B72-48BD-9465-7E948DC1ACAE}.Release-BETA|Win32.ActiveCfg = Release|Any CPU
		{ECF566C9-4B72-48BD-9465-7E948DC1ACAE}.Release-BETA|x64.ActiveCfg = Release|Any CPU
		{ECF566C9-4B72-48BD-9465-7E948DC1ACAE}.Release-BETA|x86.ActiveCfg = Release|Any CPU
		{ECF566C9-4B72-48BD-9465-7E948DC1ACAE}.Release-BLUE|Any CPU.ActiveCfg = Release|Any CPU
		{ECF566C9-4B72-48BD-9465-7E948DC1ACAE}.Release-BLUE|Any CPU.Build.0 = Release|Any CPU
		{ECF566C9-4B72-48BD-9465-7E948DC1ACAE}.Release-BLUE|ARM.ActiveCfg = Release|Any CPU
		{ECF566C9-4B72-48BD-9465-7E948DC1ACAE}.Release-BLUE|Mixed Platforms.ActiveCfg = Release|Any CPU
		{ECF566C9-4B72-48BD-9465-7E948DC1ACAE}.Release-BLUE|Mixed Platforms.Build.0 = Release|Any CPU
		{ECF566C9-4B72-48BD-9465-7E948DC1ACAE}.Release-BLUE|Win32.ActiveCfg = Release|Any CPU
		{ECF566C9-4B72-48BD-9465-7E948DC1ACAE}.Release-BLUE|x64.ActiveCfg = Release|Any CPU
		{ECF566C9-4B72-48BD-9465-7E948DC1ACAE}.Release-BLUE|x86.ActiveCfg = Release|Any CPU
		{ECF566C9-4B72-48BD-9465-7E948DC1ACAE}.Release-WP7|Any CPU.ActiveCfg = Release|Any CPU
		{ECF566C9-4B72-48BD-9465-7E948DC1ACAE}.Release-WP7|Any CPU.Build.0 = Release|Any CPU
		{ECF566C9-4B72-48BD-9465-7E948DC1ACAE}.Release-WP7|ARM.ActiveCfg = Release|Any CPU
		{ECF566C9-4B72-48BD-9465-7E948DC1ACAE}.Release-WP7|Mixed Platforms.ActiveCfg = Release|Any CPU
		{ECF566C9-4B72-48BD-9465-7E948DC1ACAE}.Release-WP7|Mixed Platforms.Build.0 = Release|Any CPU
		{ECF566C9-4B72-48BD-9465-7E948DC1ACAE}.Release-WP7|Win32.ActiveCfg = Release|Any CPU
		{ECF566C9-4B72-48BD-9465-7E948DC1ACAE}.Release-WP7|x64.ActiveCfg = Release|Any CPU
		{ECF566C9-4B72-48BD-9465-7E948DC1ACAE}.Release-WP7|x86.ActiveCfg = Release|Any CPU
		{ECF566C9-4B72-48BD-9465-7E948DC1ACAE}.Release-WP7-BETA|Any CPU.ActiveCfg = Release|Any CPU
		{ECF566C9-4B72-48BD-9465-7E948DC1ACAE}.Release-WP7-BETA|Any CPU.Build.0 = Release|Any CPU
		{ECF566C9-4B72-48BD-9465-7E948DC1ACAE}.Release-WP7-BETA|ARM.ActiveCfg = Release|Any CPU
		{ECF566C9-4B72-48BD-9465-7E948DC1ACAE}.Release-WP7-BETA|Mixed Platforms.ActiveCfg = Release|Any CPU
		{ECF566C9-4B72-48BD-9465-7E948DC1ACAE}.Release-WP7-BETA|Mixed Platforms.Build.0 = Release|Any CPU
		{ECF566C9-4B72-48BD-9465-7E948DC1ACAE}.Release-WP7-BETA|Win32.ActiveCfg = Release|Any CPU
		{ECF566C9-4B72-48BD-9465-7E948DC1ACAE}.Release-WP7-BETA|x64.ActiveCfg = Release|Any CPU
		{ECF566C9-4B72-48BD-9465-7E948DC1ACAE}.Release-WP7-BETA|x86.ActiveCfg = Release|Any CPU
		{ECF566C9-4B72-48BD-9465-7E948DC1ACAE}.UITest|Any CPU.ActiveCfg = Release|Any CPU
		{ECF566C9-4B72-48BD-9465-7E948DC1ACAE}.UITest|Any CPU.Build.0 = Release|Any CPU
		{ECF566C9-4B72-48BD-9465-7E948DC1ACAE}.UITest|ARM.ActiveCfg = Release|Any CPU
		{ECF566C9-4B72-48BD-9465-7E948DC1ACAE}.UITest|Mixed Platforms.ActiveCfg = Release|Any CPU
		{ECF566C9-4B72-48BD-9465-7E948DC1ACAE}.UITest|Mixed Platforms.Build.0 = Release|Any CPU
		{ECF566C9-4B72-48BD-9465-7E948DC1ACAE}.UITest|Win32.ActiveCfg = Release|Any CPU
		{ECF566C9-4B72-48BD-9465-7E948DC1ACAE}.UITest|x64.ActiveCfg = Release|Any CPU
		{ECF566C9-4B72-48BD-9465-7E948DC1ACAE}.UITest|x86.ActiveCfg = Release|Any CPU
		{AEA6AF90-82E0-4235-80B0-DC01D510039B}.Debug|Any CPU.ActiveCfg = Debug|Any CPU
		{AEA6AF90-82E0-4235-80B0-DC01D510039B}.Debug|Any CPU.Build.0 = Debug|Any CPU
		{AEA6AF90-82E0-4235-80B0-DC01D510039B}.Debug|ARM.ActiveCfg = Debug|Any CPU
		{AEA6AF90-82E0-4235-80B0-DC01D510039B}.Debug|Mixed Platforms.ActiveCfg = Debug|Any CPU
		{AEA6AF90-82E0-4235-80B0-DC01D510039B}.Debug|Mixed Platforms.Build.0 = Debug|Any CPU
		{AEA6AF90-82E0-4235-80B0-DC01D510039B}.Debug|Win32.ActiveCfg = Debug|Any CPU
		{AEA6AF90-82E0-4235-80B0-DC01D510039B}.Debug|x64.ActiveCfg = Debug|Any CPU
		{AEA6AF90-82E0-4235-80B0-DC01D510039B}.Debug|x86.ActiveCfg = Debug|Any CPU
		{AEA6AF90-82E0-4235-80B0-DC01D510039B}.Debug-BETA|Any CPU.ActiveCfg = Debug|Any CPU
		{AEA6AF90-82E0-4235-80B0-DC01D510039B}.Debug-BETA|Any CPU.Build.0 = Debug|Any CPU
		{AEA6AF90-82E0-4235-80B0-DC01D510039B}.Debug-BETA|ARM.ActiveCfg = Debug|Any CPU
		{AEA6AF90-82E0-4235-80B0-DC01D510039B}.Debug-BETA|Mixed Platforms.ActiveCfg = Debug|Any CPU
		{AEA6AF90-82E0-4235-80B0-DC01D510039B}.Debug-BETA|Mixed Platforms.Build.0 = Debug|Any CPU
		{AEA6AF90-82E0-4235-80B0-DC01D510039B}.Debug-BETA|Win32.ActiveCfg = Debug|Any CPU
		{AEA6AF90-82E0-4235-80B0-DC01D510039B}.Debug-BETA|x64.ActiveCfg = Debug|Any CPU
		{AEA6AF90-82E0-4235-80B0-DC01D510039B}.Debug-BETA|x86.ActiveCfg = Debug|Any CPU
		{AEA6AF90-82E0-4235-80B0-DC01D510039B}.Debug-BLUE|Any CPU.ActiveCfg = Debug|Any CPU
		{AEA6AF90-82E0-4235-80B0-DC01D510039B}.Debug-BLUE|Any CPU.Build.0 = Debug|Any CPU
		{AEA6AF90-82E0-4235-80B0-DC01D510039B}.Debug-BLUE|ARM.ActiveCfg = Debug|Any CPU
		{AEA6AF90-82E0-4235-80B0-DC01D510039B}.Debug-BLUE|Mixed Platforms.ActiveCfg = Debug|Any CPU
		{AEA6AF90-82E0-4235-80B0-DC01D510039B}.Debug-BLUE|Mixed Platforms.Build.0 = Debug|Any CPU
		{AEA6AF90-82E0-4235-80B0-DC01D510039B}.Debug-BLUE|Win32.ActiveCfg = Debug|Any CPU
		{AEA6AF90-82E0-4235-80B0-DC01D510039B}.Debug-BLUE|x64.ActiveCfg = Debug|Any CPU
		{AEA6AF90-82E0-4235-80B0-DC01D510039B}.Debug-BLUE|x86.ActiveCfg = Debug|Any CPU
		{AEA6AF90-82E0-4235-80B0-DC01D510039B}.Debug-WP7|Any CPU.ActiveCfg = Debug|Any CPU
		{AEA6AF90-82E0-4235-80B0-DC01D510039B}.Debug-WP7|Any CPU.Build.0 = Debug|Any CPU
		{AEA6AF90-82E0-4235-80B0-DC01D510039B}.Debug-WP7|ARM.ActiveCfg = Debug|Any CPU
		{AEA6AF90-82E0-4235-80B0-DC01D510039B}.Debug-WP7|Mixed Platforms.ActiveCfg = Debug|Any CPU
		{AEA6AF90-82E0-4235-80B0-DC01D510039B}.Debug-WP7|Mixed Platforms.Build.0 = Debug|Any CPU
		{AEA6AF90-82E0-4235-80B0-DC01D510039B}.Debug-WP7|Win32.ActiveCfg = Debug|Any CPU
		{AEA6AF90-82E0-4235-80B0-DC01D510039B}.Debug-WP7|x64.ActiveCfg = Debug|Any CPU
		{AEA6AF90-82E0-4235-80B0-DC01D510039B}.Debug-WP7|x86.ActiveCfg = Debug|Any CPU
		{AEA6AF90-82E0-4235-80B0-DC01D510039B}.Debug-WP7-BETA|Any CPU.ActiveCfg = Debug|Any CPU
		{AEA6AF90-82E0-4235-80B0-DC01D510039B}.Debug-WP7-BETA|Any CPU.Build.0 = Debug|Any CPU
		{AEA6AF90-82E0-4235-80B0-DC01D510039B}.Debug-WP7-BETA|ARM.ActiveCfg = Debug|Any CPU
		{AEA6AF90-82E0-4235-80B0-DC01D510039B}.Debug-WP7-BETA|Mixed Platforms.ActiveCfg = Debug|Any CPU
		{AEA6AF90-82E0-4235-80B0-DC01D510039B}.Debug-WP7-BETA|Mixed Platforms.Build.0 = Debug|Any CPU
		{AEA6AF90-82E0-4235-80B0-DC01D510039B}.Debug-WP7-BETA|Win32.ActiveCfg = Debug|Any CPU
		{AEA6AF90-82E0-4235-80B0-DC01D510039B}.Debug-WP7-BETA|x64.ActiveCfg = Debug|Any CPU
		{AEA6AF90-82E0-4235-80B0-DC01D510039B}.Debug-WP7-BETA|x86.ActiveCfg = Debug|Any CPU
		{AEA6AF90-82E0-4235-80B0-DC01D510039B}.Release|Any CPU.ActiveCfg = Release|Any CPU
		{AEA6AF90-82E0-4235-80B0-DC01D510039B}.Release|Any CPU.Build.0 = Release|Any CPU
		{AEA6AF90-82E0-4235-80B0-DC01D510039B}.Release|ARM.ActiveCfg = Release|Any CPU
		{AEA6AF90-82E0-4235-80B0-DC01D510039B}.Release|Mixed Platforms.ActiveCfg = Release|Any CPU
		{AEA6AF90-82E0-4235-80B0-DC01D510039B}.Release|Mixed Platforms.Build.0 = Release|Any CPU
		{AEA6AF90-82E0-4235-80B0-DC01D510039B}.Release|Win32.ActiveCfg = Release|Any CPU
		{AEA6AF90-82E0-4235-80B0-DC01D510039B}.Release|x64.ActiveCfg = Release|Any CPU
		{AEA6AF90-82E0-4235-80B0-DC01D510039B}.Release|x86.ActiveCfg = Release|Any CPU
		{AEA6AF90-82E0-4235-80B0-DC01D510039B}.Release-BETA|Any CPU.ActiveCfg = Release|Any CPU
		{AEA6AF90-82E0-4235-80B0-DC01D510039B}.Release-BETA|Any CPU.Build.0 = Release|Any CPU
		{AEA6AF90-82E0-4235-80B0-DC01D510039B}.Release-BETA|ARM.ActiveCfg = Release|Any CPU
		{AEA6AF90-82E0-4235-80B0-DC01D510039B}.Release-BETA|Mixed Platforms.ActiveCfg = Release|Any CPU
		{AEA6AF90-82E0-4235-80B0-DC01D510039B}.Release-BETA|Mixed Platforms.Build.0 = Release|Any CPU
		{AEA6AF90-82E0-4235-80B0-DC01D510039B}.Release-BETA|Win32.ActiveCfg = Release|Any CPU
		{AEA6AF90-82E0-4235-80B0-DC01D510039B}.Release-BETA|x64.ActiveCfg = Release|Any CPU
		{AEA6AF90-82E0-4235-80B0-DC01D510039B}.Release-BETA|x86.ActiveCfg = Release|Any CPU
		{AEA6AF90-82E0-4235-80B0-DC01D510039B}.Release-BLUE|Any CPU.ActiveCfg = Release|Any CPU
		{AEA6AF90-82E0-4235-80B0-DC01D510039B}.Release-BLUE|Any CPU.Build.0 = Release|Any CPU
		{AEA6AF90-82E0-4235-80B0-DC01D510039B}.Release-BLUE|ARM.ActiveCfg = Release|Any CPU
		{AEA6AF90-82E0-4235-80B0-DC01D510039B}.Release-BLUE|Mixed Platforms.ActiveCfg = Release|Any CPU
		{AEA6AF90-82E0-4235-80B0-DC01D510039B}.Release-BLUE|Mixed Platforms.Build.0 = Release|Any CPU
		{AEA6AF90-82E0-4235-80B0-DC01D510039B}.Release-BLUE|Win32.ActiveCfg = Release|Any CPU
		{AEA6AF90-82E0-4235-80B0-DC01D510039B}.Release-BLUE|x64.ActiveCfg = Release|Any CPU
		{AEA6AF90-82E0-4235-80B0-DC01D510039B}.Release-BLUE|x86.ActiveCfg = Release|Any CPU
		{AEA6AF90-82E0-4235-80B0-DC01D510039B}.Release-WP7|Any CPU.ActiveCfg = Release|Any CPU
		{AEA6AF90-82E0-4235-80B0-DC01D510039B}.Release-WP7|Any CPU.Build.0 = Release|Any CPU
		{AEA6AF90-82E0-4235-80B0-DC01D510039B}.Release-WP7|ARM.ActiveCfg = Release|Any CPU
		{AEA6AF90-82E0-4235-80B0-DC01D510039B}.Release-WP7|Mixed Platforms.ActiveCfg = Release|Any CPU
		{AEA6AF90-82E0-4235-80B0-DC01D510039B}.Release-WP7|Mixed Platforms.Build.0 = Release|Any CPU
		{AEA6AF90-82E0-4235-80B0-DC01D510039B}.Release-WP7|Win32.ActiveCfg = Release|Any CPU
		{AEA6AF90-82E0-4235-80B0-DC01D510039B}.Release-WP7|x64.ActiveCfg = Release|Any CPU
		{AEA6AF90-82E0-4235-80B0-DC01D510039B}.Release-WP7|x86.ActiveCfg = Release|Any CPU
		{AEA6AF90-82E0-4235-80B0-DC01D510039B}.Release-WP7-BETA|Any CPU.ActiveCfg = Release|Any CPU
		{AEA6AF90-82E0-4235-80B0-DC01D510039B}.Release-WP7-BETA|Any CPU.Build.0 = Release|Any CPU
		{AEA6AF90-82E0-4235-80B0-DC01D510039B}.Release-WP7-BETA|ARM.ActiveCfg = Release|Any CPU
		{AEA6AF90-82E0-4235-80B0-DC01D510039B}.Release-WP7-BETA|Mixed Platforms.ActiveCfg = Release|Any CPU
		{AEA6AF90-82E0-4235-80B0-DC01D510039B}.Release-WP7-BETA|Mixed Platforms.Build.0 = Release|Any CPU
		{AEA6AF90-82E0-4235-80B0-DC01D510039B}.Release-WP7-BETA|Win32.ActiveCfg = Release|Any CPU
		{AEA6AF90-82E0-4235-80B0-DC01D510039B}.Release-WP7-BETA|x64.ActiveCfg = Release|Any CPU
		{AEA6AF90-82E0-4235-80B0-DC01D510039B}.Release-WP7-BETA|x86.ActiveCfg = Release|Any CPU
		{AEA6AF90-82E0-4235-80B0-DC01D510039B}.UITest|Any CPU.ActiveCfg = Release|Any CPU
		{AEA6AF90-82E0-4235-80B0-DC01D510039B}.UITest|Any CPU.Build.0 = Release|Any CPU
		{AEA6AF90-82E0-4235-80B0-DC01D510039B}.UITest|ARM.ActiveCfg = Release|Any CPU
		{AEA6AF90-82E0-4235-80B0-DC01D510039B}.UITest|Mixed Platforms.ActiveCfg = Release|Any CPU
		{AEA6AF90-82E0-4235-80B0-DC01D510039B}.UITest|Mixed Platforms.Build.0 = Release|Any CPU
		{AEA6AF90-82E0-4235-80B0-DC01D510039B}.UITest|Win32.ActiveCfg = Release|Any CPU
		{AEA6AF90-82E0-4235-80B0-DC01D510039B}.UITest|x64.ActiveCfg = Release|Any CPU
		{AEA6AF90-82E0-4235-80B0-DC01D510039B}.UITest|x86.ActiveCfg = Release|Any CPU
		{8E7510DD-8224-4FE4-A794-EB51C3677779}.Debug|Any CPU.ActiveCfg = Debug|Any CPU
		{8E7510DD-8224-4FE4-A794-EB51C3677779}.Debug|Any CPU.Build.0 = Debug|Any CPU
		{8E7510DD-8224-4FE4-A794-EB51C3677779}.Debug|ARM.ActiveCfg = Debug|Any CPU
		{8E7510DD-8224-4FE4-A794-EB51C3677779}.Debug|Mixed Platforms.ActiveCfg = Debug|Any CPU
		{8E7510DD-8224-4FE4-A794-EB51C3677779}.Debug|Mixed Platforms.Build.0 = Debug|Any CPU
		{8E7510DD-8224-4FE4-A794-EB51C3677779}.Debug|Win32.ActiveCfg = Debug|Any CPU
		{8E7510DD-8224-4FE4-A794-EB51C3677779}.Debug|x64.ActiveCfg = Debug|Any CPU
		{8E7510DD-8224-4FE4-A794-EB51C3677779}.Debug|x86.ActiveCfg = Debug|Any CPU
		{8E7510DD-8224-4FE4-A794-EB51C3677779}.Debug-BETA|Any CPU.ActiveCfg = Debug|Any CPU
		{8E7510DD-8224-4FE4-A794-EB51C3677779}.Debug-BETA|Any CPU.Build.0 = Debug|Any CPU
		{8E7510DD-8224-4FE4-A794-EB51C3677779}.Debug-BETA|ARM.ActiveCfg = Debug|Any CPU
		{8E7510DD-8224-4FE4-A794-EB51C3677779}.Debug-BETA|Mixed Platforms.ActiveCfg = Debug|Any CPU
		{8E7510DD-8224-4FE4-A794-EB51C3677779}.Debug-BETA|Mixed Platforms.Build.0 = Debug|Any CPU
		{8E7510DD-8224-4FE4-A794-EB51C3677779}.Debug-BETA|Win32.ActiveCfg = Debug|Any CPU
		{8E7510DD-8224-4FE4-A794-EB51C3677779}.Debug-BETA|x64.ActiveCfg = Debug|Any CPU
		{8E7510DD-8224-4FE4-A794-EB51C3677779}.Debug-BETA|x86.ActiveCfg = Debug|Any CPU
		{8E7510DD-8224-4FE4-A794-EB51C3677779}.Debug-BLUE|Any CPU.ActiveCfg = Debug|Any CPU
		{8E7510DD-8224-4FE4-A794-EB51C3677779}.Debug-BLUE|Any CPU.Build.0 = Debug|Any CPU
		{8E7510DD-8224-4FE4-A794-EB51C3677779}.Debug-BLUE|ARM.ActiveCfg = Debug|Any CPU
		{8E7510DD-8224-4FE4-A794-EB51C3677779}.Debug-BLUE|Mixed Platforms.ActiveCfg = Debug|Any CPU
		{8E7510DD-8224-4FE4-A794-EB51C3677779}.Debug-BLUE|Mixed Platforms.Build.0 = Debug|Any CPU
		{8E7510DD-8224-4FE4-A794-EB51C3677779}.Debug-BLUE|Win32.ActiveCfg = Debug|Any CPU
		{8E7510DD-8224-4FE4-A794-EB51C3677779}.Debug-BLUE|x64.ActiveCfg = Debug|Any CPU
		{8E7510DD-8224-4FE4-A794-EB51C3677779}.Debug-BLUE|x86.ActiveCfg = Debug|Any CPU
		{8E7510DD-8224-4FE4-A794-EB51C3677779}.Debug-WP7|Any CPU.ActiveCfg = Debug|Any CPU
		{8E7510DD-8224-4FE4-A794-EB51C3677779}.Debug-WP7|Any CPU.Build.0 = Debug|Any CPU
		{8E7510DD-8224-4FE4-A794-EB51C3677779}.Debug-WP7|ARM.ActiveCfg = Debug|Any CPU
		{8E7510DD-8224-4FE4-A794-EB51C3677779}.Debug-WP7|Mixed Platforms.ActiveCfg = Debug|Any CPU
		{8E7510DD-8224-4FE4-A794-EB51C3677779}.Debug-WP7|Mixed Platforms.Build.0 = Debug|Any CPU
		{8E7510DD-8224-4FE4-A794-EB51C3677779}.Debug-WP7|Win32.ActiveCfg = Debug|Any CPU
		{8E7510DD-8224-4FE4-A794-EB51C3677779}.Debug-WP7|x64.ActiveCfg = Debug|Any CPU
		{8E7510DD-8224-4FE4-A794-EB51C3677779}.Debug-WP7|x86.ActiveCfg = Debug|Any CPU
		{8E7510DD-8224-4FE4-A794-EB51C3677779}.Debug-WP7-BETA|Any CPU.ActiveCfg = Debug|Any CPU
		{8E7510DD-8224-4FE4-A794-EB51C3677779}.Debug-WP7-BETA|Any CPU.Build.0 = Debug|Any CPU
		{8E7510DD-8224-4FE4-A794-EB51C3677779}.Debug-WP7-BETA|ARM.ActiveCfg = Debug|Any CPU
		{8E7510DD-8224-4FE4-A794-EB51C3677779}.Debug-WP7-BETA|Mixed Platforms.ActiveCfg = Debug|Any CPU
		{8E7510DD-8224-4FE4-A794-EB51C3677779}.Debug-WP7-BETA|Mixed Platforms.Build.0 = Debug|Any CPU
		{8E7510DD-8224-4FE4-A794-EB51C3677779}.Debug-WP7-BETA|Win32.ActiveCfg = Debug|Any CPU
		{8E7510DD-8224-4FE4-A794-EB51C3677779}.Debug-WP7-BETA|x64.ActiveCfg = Debug|Any CPU
		{8E7510DD-8224-4FE4-A794-EB51C3677779}.Debug-WP7-BETA|x86.ActiveCfg = Debug|Any CPU
		{8E7510DD-8224-4FE4-A794-EB51C3677779}.Release|Any CPU.ActiveCfg = Release|Any CPU
		{8E7510DD-8224-4FE4-A794-EB51C3677779}.Release|Any CPU.Build.0 = Release|Any CPU
		{8E7510DD-8224-4FE4-A794-EB51C3677779}.Release|ARM.ActiveCfg = Release|Any CPU
		{8E7510DD-8224-4FE4-A794-EB51C3677779}.Release|Mixed Platforms.ActiveCfg = Release|Any CPU
		{8E7510DD-8224-4FE4-A794-EB51C3677779}.Release|Mixed Platforms.Build.0 = Release|Any CPU
		{8E7510DD-8224-4FE4-A794-EB51C3677779}.Release|Win32.ActiveCfg = Release|Any CPU
		{8E7510DD-8224-4FE4-A794-EB51C3677779}.Release|x64.ActiveCfg = Release|Any CPU
		{8E7510DD-8224-4FE4-A794-EB51C3677779}.Release|x86.ActiveCfg = Release|Any CPU
		{8E7510DD-8224-4FE4-A794-EB51C3677779}.Release-BETA|Any CPU.ActiveCfg = Release|Any CPU
		{8E7510DD-8224-4FE4-A794-EB51C3677779}.Release-BETA|Any CPU.Build.0 = Release|Any CPU
		{8E7510DD-8224-4FE4-A794-EB51C3677779}.Release-BETA|ARM.ActiveCfg = Release|Any CPU
		{8E7510DD-8224-4FE4-A794-EB51C3677779}.Release-BETA|Mixed Platforms.ActiveCfg = Release|Any CPU
		{8E7510DD-8224-4FE4-A794-EB51C3677779}.Release-BETA|Mixed Platforms.Build.0 = Release|Any CPU
		{8E7510DD-8224-4FE4-A794-EB51C3677779}.Release-BETA|Win32.ActiveCfg = Release|Any CPU
		{8E7510DD-8224-4FE4-A794-EB51C3677779}.Release-BETA|x64.ActiveCfg = Release|Any CPU
		{8E7510DD-8224-4FE4-A794-EB51C3677779}.Release-BETA|x86.ActiveCfg = Release|Any CPU
		{8E7510DD-8224-4FE4-A794-EB51C3677779}.Release-BLUE|Any CPU.ActiveCfg = Release|Any CPU
		{8E7510DD-8224-4FE4-A794-EB51C3677779}.Release-BLUE|Any CPU.Build.0 = Release|Any CPU
		{8E7510DD-8224-4FE4-A794-EB51C3677779}.Release-BLUE|ARM.ActiveCfg = Release|Any CPU
		{8E7510DD-8224-4FE4-A794-EB51C3677779}.Release-BLUE|Mixed Platforms.ActiveCfg = Release|Any CPU
		{8E7510DD-8224-4FE4-A794-EB51C3677779}.Release-BLUE|Mixed Platforms.Build.0 = Release|Any CPU
		{8E7510DD-8224-4FE4-A794-EB51C3677779}.Release-BLUE|Win32.ActiveCfg = Release|Any CPU
		{8E7510DD-8224-4FE4-A794-EB51C3677779}.Release-BLUE|x64.ActiveCfg = Release|Any CPU
		{8E7510DD-8224-4FE4-A794-EB51C3677779}.Release-BLUE|x86.ActiveCfg = Release|Any CPU
		{8E7510DD-8224-4FE4-A794-EB51C3677779}.Release-WP7|Any CPU.ActiveCfg = Release|Any CPU
		{8E7510DD-8224-4FE4-A794-EB51C3677779}.Release-WP7|Any CPU.Build.0 = Release|Any CPU
		{8E7510DD-8224-4FE4-A794-EB51C3677779}.Release-WP7|ARM.ActiveCfg = Release|Any CPU
		{8E7510DD-8224-4FE4-A794-EB51C3677779}.Release-WP7|Mixed Platforms.ActiveCfg = Release|Any CPU
		{8E7510DD-8224-4FE4-A794-EB51C3677779}.Release-WP7|Mixed Platforms.Build.0 = Release|Any CPU
		{8E7510DD-8224-4FE4-A794-EB51C3677779}.Release-WP7|Win32.ActiveCfg = Release|Any CPU
		{8E7510DD-8224-4FE4-A794-EB51C3677779}.Release-WP7|x64.ActiveCfg = Release|Any CPU
		{8E7510DD-8224-4FE4-A794-EB51C3677779}.Release-WP7|x86.ActiveCfg = Release|Any CPU
		{8E7510DD-8224-4FE4-A794-EB51C3677779}.Release-WP7-BETA|Any CPU.ActiveCfg = Release|Any CPU
		{8E7510DD-8224-4FE4-A794-EB51C3677779}.Release-WP7-BETA|Any CPU.Build.0 = Release|Any CPU
		{8E7510DD-8224-4FE4-A794-EB51C3677779}.Release-WP7-BETA|ARM.ActiveCfg = Release|Any CPU
		{8E7510DD-8224-4FE4-A794-EB51C3677779}.Release-WP7-BETA|Mixed Platforms.ActiveCfg = Release|Any CPU
		{8E7510DD-8224-4FE4-A794-EB51C3677779}.Release-WP7-BETA|Mixed Platforms.Build.0 = Release|Any CPU
		{8E7510DD-8224-4FE4-A794-EB51C3677779}.Release-WP7-BETA|Win32.ActiveCfg = Release|Any CPU
		{8E7510DD-8224-4FE4-A794-EB51C3677779}.Release-WP7-BETA|x64.ActiveCfg = Release|Any CPU
		{8E7510DD-8224-4FE4-A794-EB51C3677779}.Release-WP7-BETA|x86.ActiveCfg = Release|Any CPU
		{8E7510DD-8224-4FE4-A794-EB51C3677779}.UITest|Any CPU.ActiveCfg = Release|Any CPU
		{8E7510DD-8224-4FE4-A794-EB51C3677779}.UITest|Any CPU.Build.0 = Release|Any CPU
		{8E7510DD-8224-4FE4-A794-EB51C3677779}.UITest|ARM.ActiveCfg = Release|Any CPU
		{8E7510DD-8224-4FE4-A794-EB51C3677779}.UITest|Mixed Platforms.ActiveCfg = Release|Any CPU
		{8E7510DD-8224-4FE4-A794-EB51C3677779}.UITest|Mixed Platforms.Build.0 = Release|Any CPU
		{8E7510DD-8224-4FE4-A794-EB51C3677779}.UITest|Win32.ActiveCfg = Release|Any CPU
		{8E7510DD-8224-4FE4-A794-EB51C3677779}.UITest|x64.ActiveCfg = Release|Any CPU
		{8E7510DD-8224-4FE4-A794-EB51C3677779}.UITest|x86.ActiveCfg = Release|Any CPU
		{8DDBC278-94CC-47CF-9C0D-53DCC8B20B39}.Debug|Any CPU.ActiveCfg = Debug|Any CPU
		{8DDBC278-94CC-47CF-9C0D-53DCC8B20B39}.Debug|Any CPU.Build.0 = Debug|Any CPU
		{8DDBC278-94CC-47CF-9C0D-53DCC8B20B39}.Debug|ARM.ActiveCfg = Debug|Any CPU
		{8DDBC278-94CC-47CF-9C0D-53DCC8B20B39}.Debug|Mixed Platforms.ActiveCfg = Debug|Any CPU
		{8DDBC278-94CC-47CF-9C0D-53DCC8B20B39}.Debug|Mixed Platforms.Build.0 = Debug|Any CPU
		{8DDBC278-94CC-47CF-9C0D-53DCC8B20B39}.Debug|Win32.ActiveCfg = Debug|Any CPU
		{8DDBC278-94CC-47CF-9C0D-53DCC8B20B39}.Debug|x64.ActiveCfg = Debug|Any CPU
		{8DDBC278-94CC-47CF-9C0D-53DCC8B20B39}.Debug|x86.ActiveCfg = Debug|Any CPU
		{8DDBC278-94CC-47CF-9C0D-53DCC8B20B39}.Debug-BETA|Any CPU.ActiveCfg = Debug|Any CPU
		{8DDBC278-94CC-47CF-9C0D-53DCC8B20B39}.Debug-BETA|Any CPU.Build.0 = Debug|Any CPU
		{8DDBC278-94CC-47CF-9C0D-53DCC8B20B39}.Debug-BETA|ARM.ActiveCfg = Debug|Any CPU
		{8DDBC278-94CC-47CF-9C0D-53DCC8B20B39}.Debug-BETA|Mixed Platforms.ActiveCfg = Debug|Any CPU
		{8DDBC278-94CC-47CF-9C0D-53DCC8B20B39}.Debug-BETA|Mixed Platforms.Build.0 = Debug|Any CPU
		{8DDBC278-94CC-47CF-9C0D-53DCC8B20B39}.Debug-BETA|Win32.ActiveCfg = Debug|Any CPU
		{8DDBC278-94CC-47CF-9C0D-53DCC8B20B39}.Debug-BETA|x64.ActiveCfg = Debug|Any CPU
		{8DDBC278-94CC-47CF-9C0D-53DCC8B20B39}.Debug-BETA|x86.ActiveCfg = Debug|Any CPU
		{8DDBC278-94CC-47CF-9C0D-53DCC8B20B39}.Debug-BLUE|Any CPU.ActiveCfg = Debug|Any CPU
		{8DDBC278-94CC-47CF-9C0D-53DCC8B20B39}.Debug-BLUE|Any CPU.Build.0 = Debug|Any CPU
		{8DDBC278-94CC-47CF-9C0D-53DCC8B20B39}.Debug-BLUE|ARM.ActiveCfg = Debug|Any CPU
		{8DDBC278-94CC-47CF-9C0D-53DCC8B20B39}.Debug-BLUE|Mixed Platforms.ActiveCfg = Debug|Any CPU
		{8DDBC278-94CC-47CF-9C0D-53DCC8B20B39}.Debug-BLUE|Mixed Platforms.Build.0 = Debug|Any CPU
		{8DDBC278-94CC-47CF-9C0D-53DCC8B20B39}.Debug-BLUE|Win32.ActiveCfg = Debug|Any CPU
		{8DDBC278-94CC-47CF-9C0D-53DCC8B20B39}.Debug-BLUE|x64.ActiveCfg = Debug|Any CPU
		{8DDBC278-94CC-47CF-9C0D-53DCC8B20B39}.Debug-BLUE|x86.ActiveCfg = Debug|Any CPU
		{8DDBC278-94CC-47CF-9C0D-53DCC8B20B39}.Debug-WP7|Any CPU.ActiveCfg = Debug|Any CPU
		{8DDBC278-94CC-47CF-9C0D-53DCC8B20B39}.Debug-WP7|Any CPU.Build.0 = Debug|Any CPU
		{8DDBC278-94CC-47CF-9C0D-53DCC8B20B39}.Debug-WP7|ARM.ActiveCfg = Debug|Any CPU
		{8DDBC278-94CC-47CF-9C0D-53DCC8B20B39}.Debug-WP7|Mixed Platforms.ActiveCfg = Debug|Any CPU
		{8DDBC278-94CC-47CF-9C0D-53DCC8B20B39}.Debug-WP7|Mixed Platforms.Build.0 = Debug|Any CPU
		{8DDBC278-94CC-47CF-9C0D-53DCC8B20B39}.Debug-WP7|Win32.ActiveCfg = Debug|Any CPU
		{8DDBC278-94CC-47CF-9C0D-53DCC8B20B39}.Debug-WP7|x64.ActiveCfg = Debug|Any CPU
		{8DDBC278-94CC-47CF-9C0D-53DCC8B20B39}.Debug-WP7|x86.ActiveCfg = Debug|Any CPU
		{8DDBC278-94CC-47CF-9C0D-53DCC8B20B39}.Debug-WP7-BETA|Any CPU.ActiveCfg = Debug|Any CPU
		{8DDBC278-94CC-47CF-9C0D-53DCC8B20B39}.Debug-WP7-BETA|Any CPU.Build.0 = Debug|Any CPU
		{8DDBC278-94CC-47CF-9C0D-53DCC8B20B39}.Debug-WP7-BETA|ARM.ActiveCfg = Debug|Any CPU
		{8DDBC278-94CC-47CF-9C0D-53DCC8B20B39}.Debug-WP7-BETA|Mixed Platforms.ActiveCfg = Debug|Any CPU
		{8DDBC278-94CC-47CF-9C0D-53DCC8B20B39}.Debug-WP7-BETA|Mixed Platforms.Build.0 = Debug|Any CPU
		{8DDBC278-94CC-47CF-9C0D-53DCC8B20B39}.Debug-WP7-BETA|Win32.ActiveCfg = Debug|Any CPU
		{8DDBC278-94CC-47CF-9C0D-53DCC8B20B39}.Debug-WP7-BETA|x64.ActiveCfg = Debug|Any CPU
		{8DDBC278-94CC-47CF-9C0D-53DCC8B20B39}.Debug-WP7-BETA|x86.ActiveCfg = Debug|Any CPU
		{8DDBC278-94CC-47CF-9C0D-53DCC8B20B39}.Release|Any CPU.ActiveCfg = Release|Any CPU
		{8DDBC278-94CC-47CF-9C0D-53DCC8B20B39}.Release|Any CPU.Build.0 = Release|Any CPU
		{8DDBC278-94CC-47CF-9C0D-53DCC8B20B39}.Release|ARM.ActiveCfg = Release|Any CPU
		{8DDBC278-94CC-47CF-9C0D-53DCC8B20B39}.Release|Mixed Platforms.ActiveCfg = Release|Any CPU
		{8DDBC278-94CC-47CF-9C0D-53DCC8B20B39}.Release|Mixed Platforms.Build.0 = Release|Any CPU
		{8DDBC278-94CC-47CF-9C0D-53DCC8B20B39}.Release|Win32.ActiveCfg = Release|Any CPU
		{8DDBC278-94CC-47CF-9C0D-53DCC8B20B39}.Release|x64.ActiveCfg = Release|Any CPU
		{8DDBC278-94CC-47CF-9C0D-53DCC8B20B39}.Release|x86.ActiveCfg = Release|Any CPU
		{8DDBC278-94CC-47CF-9C0D-53DCC8B20B39}.Release-BETA|Any CPU.ActiveCfg = Release|Any CPU
		{8DDBC278-94CC-47CF-9C0D-53DCC8B20B39}.Release-BETA|Any CPU.Build.0 = Release|Any CPU
		{8DDBC278-94CC-47CF-9C0D-53DCC8B20B39}.Release-BETA|ARM.ActiveCfg = Release|Any CPU
		{8DDBC278-94CC-47CF-9C0D-53DCC8B20B39}.Release-BETA|Mixed Platforms.ActiveCfg = Release|Any CPU
		{8DDBC278-94CC-47CF-9C0D-53DCC8B20B39}.Release-BETA|Mixed Platforms.Build.0 = Release|Any CPU
		{8DDBC278-94CC-47CF-9C0D-53DCC8B20B39}.Release-BETA|Win32.ActiveCfg = Release|Any CPU
		{8DDBC278-94CC-47CF-9C0D-53DCC8B20B39}.Release-BETA|x64.ActiveCfg = Release|Any CPU
		{8DDBC278-94CC-47CF-9C0D-53DCC8B20B39}.Release-BETA|x86.ActiveCfg = Release|Any CPU
		{8DDBC278-94CC-47CF-9C0D-53DCC8B20B39}.Release-BLUE|Any CPU.ActiveCfg = Release|Any CPU
		{8DDBC278-94CC-47CF-9C0D-53DCC8B20B39}.Release-BLUE|Any CPU.Build.0 = Release|Any CPU
		{8DDBC278-94CC-47CF-9C0D-53DCC8B20B39}.Release-BLUE|ARM.ActiveCfg = Release|Any CPU
		{8DDBC278-94CC-47CF-9C0D-53DCC8B20B39}.Release-BLUE|Mixed Platforms.ActiveCfg = Release|Any CPU
		{8DDBC278-94CC-47CF-9C0D-53DCC8B20B39}.Release-BLUE|Mixed Platforms.Build.0 = Release|Any CPU
		{8DDBC278-94CC-47CF-9C0D-53DCC8B20B39}.Release-BLUE|Win32.ActiveCfg = Release|Any CPU
		{8DDBC278-94CC-47CF-9C0D-53DCC8B20B39}.Release-BLUE|x64.ActiveCfg = Release|Any CPU
		{8DDBC278-94CC-47CF-9C0D-53DCC8B20B39}.Release-BLUE|x86.ActiveCfg = Release|Any CPU
		{8DDBC278-94CC-47CF-9C0D-53DCC8B20B39}.Release-WP7|Any CPU.ActiveCfg = Release|Any CPU
		{8DDBC278-94CC-47CF-9C0D-53DCC8B20B39}.Release-WP7|Any CPU.Build.0 = Release|Any CPU
		{8DDBC278-94CC-47CF-9C0D-53DCC8B20B39}.Release-WP7|ARM.ActiveCfg = Release|Any CPU
		{8DDBC278-94CC-47CF-9C0D-53DCC8B20B39}.Release-WP7|Mixed Platforms.ActiveCfg = Release|Any CPU
		{8DDBC278-94CC-47CF-9C0D-53DCC8B20B39}.Release-WP7|Mixed Platforms.Build.0 = Release|Any CPU
		{8DDBC278-94CC-47CF-9C0D-53DCC8B20B39}.Release-WP7|Win32.ActiveCfg = Release|Any CPU
		{8DDBC278-94CC-47CF-9C0D-53DCC8B20B39}.Release-WP7|x64.ActiveCfg = Release|Any CPU
		{8DDBC278-94CC-47CF-9C0D-53DCC8B20B39}.Release-WP7|x86.ActiveCfg = Release|Any CPU
		{8DDBC278-94CC-47CF-9C0D-53DCC8B20B39}.Release-WP7-BETA|Any CPU.ActiveCfg = Release|Any CPU
		{8DDBC278-94CC-47CF-9C0D-53DCC8B20B39}.Release-WP7-BETA|Any CPU.Build.0 = Release|Any CPU
		{8DDBC278-94CC-47CF-9C0D-53DCC8B20B39}.Release-WP7-BETA|ARM.ActiveCfg = Release|Any CPU
		{8DDBC278-94CC-47CF-9C0D-53DCC8B20B39}.Release-WP7-BETA|Mixed Platforms.ActiveCfg = Release|Any CPU
		{8DDBC278-94CC-47CF-9C0D-53DCC8B20B39}.Release-WP7-BETA|Mixed Platforms.Build.0 = Release|Any CPU
		{8DDBC278-94CC-47CF-9C0D-53DCC8B20B39}.Release-WP7-BETA|Win32.ActiveCfg = Release|Any CPU
		{8DDBC278-94CC-47CF-9C0D-53DCC8B20B39}.Release-WP7-BETA|x64.ActiveCfg = Release|Any CPU
		{8DDBC278-94CC-47CF-9C0D-53DCC8B20B39}.Release-WP7-BETA|x86.ActiveCfg = Release|Any CPU
		{8DDBC278-94CC-47CF-9C0D-53DCC8B20B39}.UITest|Any CPU.ActiveCfg = Release|Any CPU
		{8DDBC278-94CC-47CF-9C0D-53DCC8B20B39}.UITest|Any CPU.Build.0 = Release|Any CPU
		{8DDBC278-94CC-47CF-9C0D-53DCC8B20B39}.UITest|ARM.ActiveCfg = Release|Any CPU
		{8DDBC278-94CC-47CF-9C0D-53DCC8B20B39}.UITest|Mixed Platforms.ActiveCfg = Release|Any CPU
		{8DDBC278-94CC-47CF-9C0D-53DCC8B20B39}.UITest|Mixed Platforms.Build.0 = Release|Any CPU
		{8DDBC278-94CC-47CF-9C0D-53DCC8B20B39}.UITest|Win32.ActiveCfg = Release|Any CPU
		{8DDBC278-94CC-47CF-9C0D-53DCC8B20B39}.UITest|x64.ActiveCfg = Release|Any CPU
		{8DDBC278-94CC-47CF-9C0D-53DCC8B20B39}.UITest|x86.ActiveCfg = Release|Any CPU
		{09D5EB36-B4BC-4B40-BEF8-3AFC5899E78C}.Debug|Any CPU.ActiveCfg = Debug|Any CPU
		{09D5EB36-B4BC-4B40-BEF8-3AFC5899E78C}.Debug|Any CPU.Build.0 = Debug|Any CPU
		{09D5EB36-B4BC-4B40-BEF8-3AFC5899E78C}.Debug|ARM.ActiveCfg = Debug|Any CPU
		{09D5EB36-B4BC-4B40-BEF8-3AFC5899E78C}.Debug|Mixed Platforms.ActiveCfg = Debug|Any CPU
		{09D5EB36-B4BC-4B40-BEF8-3AFC5899E78C}.Debug|Mixed Platforms.Build.0 = Debug|Any CPU
		{09D5EB36-B4BC-4B40-BEF8-3AFC5899E78C}.Debug|Win32.ActiveCfg = Debug|Any CPU
		{09D5EB36-B4BC-4B40-BEF8-3AFC5899E78C}.Debug|x64.ActiveCfg = Debug|Any CPU
		{09D5EB36-B4BC-4B40-BEF8-3AFC5899E78C}.Debug|x86.ActiveCfg = Debug|Any CPU
		{09D5EB36-B4BC-4B40-BEF8-3AFC5899E78C}.Debug-BETA|Any CPU.ActiveCfg = Debug|Any CPU
		{09D5EB36-B4BC-4B40-BEF8-3AFC5899E78C}.Debug-BETA|Any CPU.Build.0 = Debug|Any CPU
		{09D5EB36-B4BC-4B40-BEF8-3AFC5899E78C}.Debug-BETA|ARM.ActiveCfg = Debug|Any CPU
		{09D5EB36-B4BC-4B40-BEF8-3AFC5899E78C}.Debug-BETA|Mixed Platforms.ActiveCfg = Debug|Any CPU
		{09D5EB36-B4BC-4B40-BEF8-3AFC5899E78C}.Debug-BETA|Mixed Platforms.Build.0 = Debug|Any CPU
		{09D5EB36-B4BC-4B40-BEF8-3AFC5899E78C}.Debug-BETA|Win32.ActiveCfg = Debug|Any CPU
		{09D5EB36-B4BC-4B40-BEF8-3AFC5899E78C}.Debug-BETA|x64.ActiveCfg = Debug|Any CPU
		{09D5EB36-B4BC-4B40-BEF8-3AFC5899E78C}.Debug-BETA|x86.ActiveCfg = Debug|Any CPU
		{09D5EB36-B4BC-4B40-BEF8-3AFC5899E78C}.Debug-BLUE|Any CPU.ActiveCfg = Debug|Any CPU
		{09D5EB36-B4BC-4B40-BEF8-3AFC5899E78C}.Debug-BLUE|Any CPU.Build.0 = Debug|Any CPU
		{09D5EB36-B4BC-4B40-BEF8-3AFC5899E78C}.Debug-BLUE|ARM.ActiveCfg = Debug|Any CPU
		{09D5EB36-B4BC-4B40-BEF8-3AFC5899E78C}.Debug-BLUE|Mixed Platforms.ActiveCfg = Debug|Any CPU
		{09D5EB36-B4BC-4B40-BEF8-3AFC5899E78C}.Debug-BLUE|Mixed Platforms.Build.0 = Debug|Any CPU
		{09D5EB36-B4BC-4B40-BEF8-3AFC5899E78C}.Debug-BLUE|Win32.ActiveCfg = Debug|Any CPU
		{09D5EB36-B4BC-4B40-BEF8-3AFC5899E78C}.Debug-BLUE|x64.ActiveCfg = Debug|Any CPU
		{09D5EB36-B4BC-4B40-BEF8-3AFC5899E78C}.Debug-BLUE|x86.ActiveCfg = Debug|Any CPU
		{09D5EB36-B4BC-4B40-BEF8-3AFC5899E78C}.Debug-WP7|Any CPU.ActiveCfg = Debug|Any CPU
		{09D5EB36-B4BC-4B40-BEF8-3AFC5899E78C}.Debug-WP7|Any CPU.Build.0 = Debug|Any CPU
		{09D5EB36-B4BC-4B40-BEF8-3AFC5899E78C}.Debug-WP7|ARM.ActiveCfg = Debug|Any CPU
		{09D5EB36-B4BC-4B40-BEF8-3AFC5899E78C}.Debug-WP7|Mixed Platforms.ActiveCfg = Debug|Any CPU
		{09D5EB36-B4BC-4B40-BEF8-3AFC5899E78C}.Debug-WP7|Mixed Platforms.Build.0 = Debug|Any CPU
		{09D5EB36-B4BC-4B40-BEF8-3AFC5899E78C}.Debug-WP7|Win32.ActiveCfg = Debug|Any CPU
		{09D5EB36-B4BC-4B40-BEF8-3AFC5899E78C}.Debug-WP7|x64.ActiveCfg = Debug|Any CPU
		{09D5EB36-B4BC-4B40-BEF8-3AFC5899E78C}.Debug-WP7|x86.ActiveCfg = Debug|Any CPU
		{09D5EB36-B4BC-4B40-BEF8-3AFC5899E78C}.Debug-WP7-BETA|Any CPU.ActiveCfg = Debug|Any CPU
		{09D5EB36-B4BC-4B40-BEF8-3AFC5899E78C}.Debug-WP7-BETA|Any CPU.Build.0 = Debug|Any CPU
		{09D5EB36-B4BC-4B40-BEF8-3AFC5899E78C}.Debug-WP7-BETA|ARM.ActiveCfg = Debug|Any CPU
		{09D5EB36-B4BC-4B40-BEF8-3AFC5899E78C}.Debug-WP7-BETA|Mixed Platforms.ActiveCfg = Debug|Any CPU
		{09D5EB36-B4BC-4B40-BEF8-3AFC5899E78C}.Debug-WP7-BETA|Mixed Platforms.Build.0 = Debug|Any CPU
		{09D5EB36-B4BC-4B40-BEF8-3AFC5899E78C}.Debug-WP7-BETA|Win32.ActiveCfg = Debug|Any CPU
		{09D5EB36-B4BC-4B40-BEF8-3AFC5899E78C}.Debug-WP7-BETA|x64.ActiveCfg = Debug|Any CPU
		{09D5EB36-B4BC-4B40-BEF8-3AFC5899E78C}.Debug-WP7-BETA|x86.ActiveCfg = Debug|Any CPU
		{09D5EB36-B4BC-4B40-BEF8-3AFC5899E78C}.Release|Any CPU.ActiveCfg = Release|Any CPU
		{09D5EB36-B4BC-4B40-BEF8-3AFC5899E78C}.Release|Any CPU.Build.0 = Release|Any CPU
		{09D5EB36-B4BC-4B40-BEF8-3AFC5899E78C}.Release|ARM.ActiveCfg = Release|Any CPU
		{09D5EB36-B4BC-4B40-BEF8-3AFC5899E78C}.Release|Mixed Platforms.ActiveCfg = Release|Any CPU
		{09D5EB36-B4BC-4B40-BEF8-3AFC5899E78C}.Release|Mixed Platforms.Build.0 = Release|Any CPU
		{09D5EB36-B4BC-4B40-BEF8-3AFC5899E78C}.Release|Win32.ActiveCfg = Release|Any CPU
		{09D5EB36-B4BC-4B40-BEF8-3AFC5899E78C}.Release|x64.ActiveCfg = Release|Any CPU
		{09D5EB36-B4BC-4B40-BEF8-3AFC5899E78C}.Release|x86.ActiveCfg = Release|Any CPU
		{09D5EB36-B4BC-4B40-BEF8-3AFC5899E78C}.Release-BETA|Any CPU.ActiveCfg = Release|Any CPU
		{09D5EB36-B4BC-4B40-BEF8-3AFC5899E78C}.Release-BETA|Any CPU.Build.0 = Release|Any CPU
		{09D5EB36-B4BC-4B40-BEF8-3AFC5899E78C}.Release-BETA|ARM.ActiveCfg = Release|Any CPU
		{09D5EB36-B4BC-4B40-BEF8-3AFC5899E78C}.Release-BETA|Mixed Platforms.ActiveCfg = Release|Any CPU
		{09D5EB36-B4BC-4B40-BEF8-3AFC5899E78C}.Release-BETA|Mixed Platforms.Build.0 = Release|Any CPU
		{09D5EB36-B4BC-4B40-BEF8-3AFC5899E78C}.Release-BETA|Win32.ActiveCfg = Release|Any CPU
		{09D5EB36-B4BC-4B40-BEF8-3AFC5899E78C}.Release-BETA|x64.ActiveCfg = Release|Any CPU
		{09D5EB36-B4BC-4B40-BEF8-3AFC5899E78C}.Release-BETA|x86.ActiveCfg = Release|Any CPU
		{09D5EB36-B4BC-4B40-BEF8-3AFC5899E78C}.Release-BLUE|Any CPU.ActiveCfg = Release|Any CPU
		{09D5EB36-B4BC-4B40-BEF8-3AFC5899E78C}.Release-BLUE|Any CPU.Build.0 = Release|Any CPU
		{09D5EB36-B4BC-4B40-BEF8-3AFC5899E78C}.Release-BLUE|ARM.ActiveCfg = Release|Any CPU
		{09D5EB36-B4BC-4B40-BEF8-3AFC5899E78C}.Release-BLUE|Mixed Platforms.ActiveCfg = Release|Any CPU
		{09D5EB36-B4BC-4B40-BEF8-3AFC5899E78C}.Release-BLUE|Mixed Platforms.Build.0 = Release|Any CPU
		{09D5EB36-B4BC-4B40-BEF8-3AFC5899E78C}.Release-BLUE|Win32.ActiveCfg = Release|Any CPU
		{09D5EB36-B4BC-4B40-BEF8-3AFC5899E78C}.Release-BLUE|x64.ActiveCfg = Release|Any CPU
		{09D5EB36-B4BC-4B40-BEF8-3AFC5899E78C}.Release-BLUE|x86.ActiveCfg = Release|Any CPU
		{09D5EB36-B4BC-4B40-BEF8-3AFC5899E78C}.Release-WP7|Any CPU.ActiveCfg = Release|Any CPU
		{09D5EB36-B4BC-4B40-BEF8-3AFC5899E78C}.Release-WP7|Any CPU.Build.0 = Release|Any CPU
		{09D5EB36-B4BC-4B40-BEF8-3AFC5899E78C}.Release-WP7|ARM.ActiveCfg = Release|Any CPU
		{09D5EB36-B4BC-4B40-BEF8-3AFC5899E78C}.Release-WP7|Mixed Platforms.ActiveCfg = Release|Any CPU
		{09D5EB36-B4BC-4B40-BEF8-3AFC5899E78C}.Release-WP7|Mixed Platforms.Build.0 = Release|Any CPU
		{09D5EB36-B4BC-4B40-BEF8-3AFC5899E78C}.Release-WP7|Win32.ActiveCfg = Release|Any CPU
		{09D5EB36-B4BC-4B40-BEF8-3AFC5899E78C}.Release-WP7|x64.ActiveCfg = Release|Any CPU
		{09D5EB36-B4BC-4B40-BEF8-3AFC5899E78C}.Release-WP7|x86.ActiveCfg = Release|Any CPU
		{09D5EB36-B4BC-4B40-BEF8-3AFC5899E78C}.Release-WP7-BETA|Any CPU.ActiveCfg = Release|Any CPU
		{09D5EB36-B4BC-4B40-BEF8-3AFC5899E78C}.Release-WP7-BETA|Any CPU.Build.0 = Release|Any CPU
		{09D5EB36-B4BC-4B40-BEF8-3AFC5899E78C}.Release-WP7-BETA|ARM.ActiveCfg = Release|Any CPU
		{09D5EB36-B4BC-4B40-BEF8-3AFC5899E78C}.Release-WP7-BETA|Mixed Platforms.ActiveCfg = Release|Any CPU
		{09D5EB36-B4BC-4B40-BEF8-3AFC5899E78C}.Release-WP7-BETA|Mixed Platforms.Build.0 = Release|Any CPU
		{09D5EB36-B4BC-4B40-BEF8-3AFC5899E78C}.Release-WP7-BETA|Win32.ActiveCfg = Release|Any CPU
		{09D5EB36-B4BC-4B40-BEF8-3AFC5899E78C}.Release-WP7-BETA|x64.ActiveCfg = Release|Any CPU
		{09D5EB36-B4BC-4B40-BEF8-3AFC5899E78C}.Release-WP7-BETA|x86.ActiveCfg = Release|Any CPU
		{09D5EB36-B4BC-4B40-BEF8-3AFC5899E78C}.UITest|Any CPU.ActiveCfg = Release|Any CPU
		{09D5EB36-B4BC-4B40-BEF8-3AFC5899E78C}.UITest|Any CPU.Build.0 = Release|Any CPU
		{09D5EB36-B4BC-4B40-BEF8-3AFC5899E78C}.UITest|ARM.ActiveCfg = Release|Any CPU
		{09D5EB36-B4BC-4B40-BEF8-3AFC5899E78C}.UITest|Mixed Platforms.ActiveCfg = Release|Any CPU
		{09D5EB36-B4BC-4B40-BEF8-3AFC5899E78C}.UITest|Mixed Platforms.Build.0 = Release|Any CPU
		{09D5EB36-B4BC-4B40-BEF8-3AFC5899E78C}.UITest|Win32.ActiveCfg = Release|Any CPU
		{09D5EB36-B4BC-4B40-BEF8-3AFC5899E78C}.UITest|x64.ActiveCfg = Release|Any CPU
		{09D5EB36-B4BC-4B40-BEF8-3AFC5899E78C}.UITest|x86.ActiveCfg = Release|Any CPU
		{6B89A2B5-4BAC-4632-8018-AC9625696EB5}.Debug|Any CPU.ActiveCfg = Debug|Any CPU
		{6B89A2B5-4BAC-4632-8018-AC9625696EB5}.Debug|Any CPU.Build.0 = Debug|Any CPU
		{6B89A2B5-4BAC-4632-8018-AC9625696EB5}.Debug|ARM.ActiveCfg = Debug|Any CPU
		{6B89A2B5-4BAC-4632-8018-AC9625696EB5}.Debug|Mixed Platforms.ActiveCfg = Debug|Any CPU
		{6B89A2B5-4BAC-4632-8018-AC9625696EB5}.Debug|Mixed Platforms.Build.0 = Debug|Any CPU
		{6B89A2B5-4BAC-4632-8018-AC9625696EB5}.Debug|Win32.ActiveCfg = Debug|Any CPU
		{6B89A2B5-4BAC-4632-8018-AC9625696EB5}.Debug|x64.ActiveCfg = Debug|Any CPU
		{6B89A2B5-4BAC-4632-8018-AC9625696EB5}.Debug|x86.ActiveCfg = Debug|Any CPU
		{6B89A2B5-4BAC-4632-8018-AC9625696EB5}.Debug-BETA|Any CPU.ActiveCfg = Debug|Any CPU
		{6B89A2B5-4BAC-4632-8018-AC9625696EB5}.Debug-BETA|Any CPU.Build.0 = Debug|Any CPU
		{6B89A2B5-4BAC-4632-8018-AC9625696EB5}.Debug-BETA|ARM.ActiveCfg = Debug|Any CPU
		{6B89A2B5-4BAC-4632-8018-AC9625696EB5}.Debug-BETA|Mixed Platforms.ActiveCfg = Debug|Any CPU
		{6B89A2B5-4BAC-4632-8018-AC9625696EB5}.Debug-BETA|Mixed Platforms.Build.0 = Debug|Any CPU
		{6B89A2B5-4BAC-4632-8018-AC9625696EB5}.Debug-BETA|Win32.ActiveCfg = Debug|Any CPU
		{6B89A2B5-4BAC-4632-8018-AC9625696EB5}.Debug-BETA|x64.ActiveCfg = Debug|Any CPU
		{6B89A2B5-4BAC-4632-8018-AC9625696EB5}.Debug-BETA|x86.ActiveCfg = Debug|Any CPU
		{6B89A2B5-4BAC-4632-8018-AC9625696EB5}.Debug-BLUE|Any CPU.ActiveCfg = Debug|Any CPU
		{6B89A2B5-4BAC-4632-8018-AC9625696EB5}.Debug-BLUE|Any CPU.Build.0 = Debug|Any CPU
		{6B89A2B5-4BAC-4632-8018-AC9625696EB5}.Debug-BLUE|ARM.ActiveCfg = Debug|Any CPU
		{6B89A2B5-4BAC-4632-8018-AC9625696EB5}.Debug-BLUE|Mixed Platforms.ActiveCfg = Debug|Any CPU
		{6B89A2B5-4BAC-4632-8018-AC9625696EB5}.Debug-BLUE|Mixed Platforms.Build.0 = Debug|Any CPU
		{6B89A2B5-4BAC-4632-8018-AC9625696EB5}.Debug-BLUE|Win32.ActiveCfg = Debug|Any CPU
		{6B89A2B5-4BAC-4632-8018-AC9625696EB5}.Debug-BLUE|x64.ActiveCfg = Debug|Any CPU
		{6B89A2B5-4BAC-4632-8018-AC9625696EB5}.Debug-BLUE|x86.ActiveCfg = Debug|Any CPU
		{6B89A2B5-4BAC-4632-8018-AC9625696EB5}.Debug-WP7|Any CPU.ActiveCfg = Debug|Any CPU
		{6B89A2B5-4BAC-4632-8018-AC9625696EB5}.Debug-WP7|Any CPU.Build.0 = Debug|Any CPU
		{6B89A2B5-4BAC-4632-8018-AC9625696EB5}.Debug-WP7|ARM.ActiveCfg = Debug|Any CPU
		{6B89A2B5-4BAC-4632-8018-AC9625696EB5}.Debug-WP7|Mixed Platforms.ActiveCfg = Debug|Any CPU
		{6B89A2B5-4BAC-4632-8018-AC9625696EB5}.Debug-WP7|Mixed Platforms.Build.0 = Debug|Any CPU
		{6B89A2B5-4BAC-4632-8018-AC9625696EB5}.Debug-WP7|Win32.ActiveCfg = Debug|Any CPU
		{6B89A2B5-4BAC-4632-8018-AC9625696EB5}.Debug-WP7|x64.ActiveCfg = Debug|Any CPU
		{6B89A2B5-4BAC-4632-8018-AC9625696EB5}.Debug-WP7|x86.ActiveCfg = Debug|Any CPU
		{6B89A2B5-4BAC-4632-8018-AC9625696EB5}.Debug-WP7-BETA|Any CPU.ActiveCfg = Debug|Any CPU
		{6B89A2B5-4BAC-4632-8018-AC9625696EB5}.Debug-WP7-BETA|Any CPU.Build.0 = Debug|Any CPU
		{6B89A2B5-4BAC-4632-8018-AC9625696EB5}.Debug-WP7-BETA|ARM.ActiveCfg = Debug|Any CPU
		{6B89A2B5-4BAC-4632-8018-AC9625696EB5}.Debug-WP7-BETA|Mixed Platforms.ActiveCfg = Debug|Any CPU
		{6B89A2B5-4BAC-4632-8018-AC9625696EB5}.Debug-WP7-BETA|Mixed Platforms.Build.0 = Debug|Any CPU
		{6B89A2B5-4BAC-4632-8018-AC9625696EB5}.Debug-WP7-BETA|Win32.ActiveCfg = Debug|Any CPU
		{6B89A2B5-4BAC-4632-8018-AC9625696EB5}.Debug-WP7-BETA|x64.ActiveCfg = Debug|Any CPU
		{6B89A2B5-4BAC-4632-8018-AC9625696EB5}.Debug-WP7-BETA|x86.ActiveCfg = Debug|Any CPU
		{6B89A2B5-4BAC-4632-8018-AC9625696EB5}.Release|Any CPU.ActiveCfg = Release|Any CPU
		{6B89A2B5-4BAC-4632-8018-AC9625696EB5}.Release|Any CPU.Build.0 = Release|Any CPU
		{6B89A2B5-4BAC-4632-8018-AC9625696EB5}.Release|ARM.ActiveCfg = Release|Any CPU
		{6B89A2B5-4BAC-4632-8018-AC9625696EB5}.Release|Mixed Platforms.ActiveCfg = Release|Any CPU
		{6B89A2B5-4BAC-4632-8018-AC9625696EB5}.Release|Mixed Platforms.Build.0 = Release|Any CPU
		{6B89A2B5-4BAC-4632-8018-AC9625696EB5}.Release|Win32.ActiveCfg = Release|Any CPU
		{6B89A2B5-4BAC-4632-8018-AC9625696EB5}.Release|x64.ActiveCfg = Release|Any CPU
		{6B89A2B5-4BAC-4632-8018-AC9625696EB5}.Release|x86.ActiveCfg = Release|Any CPU
		{6B89A2B5-4BAC-4632-8018-AC9625696EB5}.Release-BETA|Any CPU.ActiveCfg = Release|Any CPU
		{6B89A2B5-4BAC-4632-8018-AC9625696EB5}.Release-BETA|Any CPU.Build.0 = Release|Any CPU
		{6B89A2B5-4BAC-4632-8018-AC9625696EB5}.Release-BETA|ARM.ActiveCfg = Release|Any CPU
		{6B89A2B5-4BAC-4632-8018-AC9625696EB5}.Release-BETA|Mixed Platforms.ActiveCfg = Release|Any CPU
		{6B89A2B5-4BAC-4632-8018-AC9625696EB5}.Release-BETA|Mixed Platforms.Build.0 = Release|Any CPU
		{6B89A2B5-4BAC-4632-8018-AC9625696EB5}.Release-BETA|Win32.ActiveCfg = Release|Any CPU
		{6B89A2B5-4BAC-4632-8018-AC9625696EB5}.Release-BETA|x64.ActiveCfg = Release|Any CPU
		{6B89A2B5-4BAC-4632-8018-AC9625696EB5}.Release-BETA|x86.ActiveCfg = Release|Any CPU
		{6B89A2B5-4BAC-4632-8018-AC9625696EB5}.Release-BLUE|Any CPU.ActiveCfg = Release|Any CPU
		{6B89A2B5-4BAC-4632-8018-AC9625696EB5}.Release-BLUE|Any CPU.Build.0 = Release|Any CPU
		{6B89A2B5-4BAC-4632-8018-AC9625696EB5}.Release-BLUE|ARM.ActiveCfg = Release|Any CPU
		{6B89A2B5-4BAC-4632-8018-AC9625696EB5}.Release-BLUE|Mixed Platforms.ActiveCfg = Release|Any CPU
		{6B89A2B5-4BAC-4632-8018-AC9625696EB5}.Release-BLUE|Mixed Platforms.Build.0 = Release|Any CPU
		{6B89A2B5-4BAC-4632-8018-AC9625696EB5}.Release-BLUE|Win32.ActiveCfg = Release|Any CPU
		{6B89A2B5-4BAC-4632-8018-AC9625696EB5}.Release-BLUE|x64.ActiveCfg = Release|Any CPU
		{6B89A2B5-4BAC-4632-8018-AC9625696EB5}.Release-BLUE|x86.ActiveCfg = Release|Any CPU
		{6B89A2B5-4BAC-4632-8018-AC9625696EB5}.Release-WP7|Any CPU.ActiveCfg = Release|Any CPU
		{6B89A2B5-4BAC-4632-8018-AC9625696EB5}.Release-WP7|Any CPU.Build.0 = Release|Any CPU
		{6B89A2B5-4BAC-4632-8018-AC9625696EB5}.Release-WP7|ARM.ActiveCfg = Release|Any CPU
		{6B89A2B5-4BAC-4632-8018-AC9625696EB5}.Release-WP7|Mixed Platforms.ActiveCfg = Release|Any CPU
		{6B89A2B5-4BAC-4632-8018-AC9625696EB5}.Release-WP7|Mixed Platforms.Build.0 = Release|Any CPU
		{6B89A2B5-4BAC-4632-8018-AC9625696EB5}.Release-WP7|Win32.ActiveCfg = Release|Any CPU
		{6B89A2B5-4BAC-4632-8018-AC9625696EB5}.Release-WP7|x64.ActiveCfg = Release|Any CPU
		{6B89A2B5-4BAC-4632-8018-AC9625696EB5}.Release-WP7|x86.ActiveCfg = Release|Any CPU
		{6B89A2B5-4BAC-4632-8018-AC9625696EB5}.Release-WP7-BETA|Any CPU.ActiveCfg = Release|Any CPU
		{6B89A2B5-4BAC-4632-8018-AC9625696EB5}.Release-WP7-BETA|Any CPU.Build.0 = Release|Any CPU
		{6B89A2B5-4BAC-4632-8018-AC9625696EB5}.Release-WP7-BETA|ARM.ActiveCfg = Release|Any CPU
		{6B89A2B5-4BAC-4632-8018-AC9625696EB5}.Release-WP7-BETA|Mixed Platforms.ActiveCfg = Release|Any CPU
		{6B89A2B5-4BAC-4632-8018-AC9625696EB5}.Release-WP7-BETA|Mixed Platforms.Build.0 = Release|Any CPU
		{6B89A2B5-4BAC-4632-8018-AC9625696EB5}.Release-WP7-BETA|Win32.ActiveCfg = Release|Any CPU
		{6B89A2B5-4BAC-4632-8018-AC9625696EB5}.Release-WP7-BETA|x64.ActiveCfg = Release|Any CPU
		{6B89A2B5-4BAC-4632-8018-AC9625696EB5}.Release-WP7-BETA|x86.ActiveCfg = Release|Any CPU
		{6B89A2B5-4BAC-4632-8018-AC9625696EB5}.UITest|Any CPU.ActiveCfg = Release|Any CPU
		{6B89A2B5-4BAC-4632-8018-AC9625696EB5}.UITest|Any CPU.Build.0 = Release|Any CPU
		{6B89A2B5-4BAC-4632-8018-AC9625696EB5}.UITest|ARM.ActiveCfg = Release|Any CPU
		{6B89A2B5-4BAC-4632-8018-AC9625696EB5}.UITest|Mixed Platforms.ActiveCfg = Release|Any CPU
		{6B89A2B5-4BAC-4632-8018-AC9625696EB5}.UITest|Mixed Platforms.Build.0 = Release|Any CPU
		{6B89A2B5-4BAC-4632-8018-AC9625696EB5}.UITest|Win32.ActiveCfg = Release|Any CPU
		{6B89A2B5-4BAC-4632-8018-AC9625696EB5}.UITest|x64.ActiveCfg = Release|Any CPU
		{6B89A2B5-4BAC-4632-8018-AC9625696EB5}.UITest|x86.ActiveCfg = Release|Any CPU
=======
		{29930431-D558-47ED-ACC8-7BDC5AE00A20}.Debug|Any CPU.ActiveCfg = Debug|Any CPU
		{29930431-D558-47ED-ACC8-7BDC5AE00A20}.Debug|Any CPU.Build.0 = Debug|Any CPU
		{29930431-D558-47ED-ACC8-7BDC5AE00A20}.Release|Any CPU.ActiveCfg = Release|Any CPU
		{29930431-D558-47ED-ACC8-7BDC5AE00A20}.Release|Any CPU.Build.0 = Release|Any CPU
		{B77384D6-C606-447F-BF01-8E3530EE7613}.Debug|Any CPU.ActiveCfg = Debug|Any CPU
		{B77384D6-C606-447F-BF01-8E3530EE7613}.Debug|Any CPU.Build.0 = Debug|Any CPU
		{B77384D6-C606-447F-BF01-8E3530EE7613}.Release|Any CPU.ActiveCfg = Release|Any CPU
		{B77384D6-C606-447F-BF01-8E3530EE7613}.Release|Any CPU.Build.0 = Release|Any CPU
>>>>>>> feature-mail
	EndGlobalSection
	GlobalSection(SolutionProperties) = preSolution
		HideSolutionNode = FALSE
	EndGlobalSection
EndGlobal
